dependencies:
  '@hyperlight/jsx': 0.0.13
  hyperapp: 2.0.9
  hyperlight: 0.0.23_hyperapp@2.0.9
  hypermdx: link:../..
lockfileVersion: 5.2
packages:
  /@babel/parser/7.12.11:
    dev: false
    engines:
      node: '>=6.0.0'
    hasBin: true
    resolution:
      integrity: sha512-N3UxG+uuF4CMYoNj8AhnbAcJF0PiuJ9KHuy1lQmkYsxTer/MAH9UBNHsBoAX/4s6NvlDD047No8mYVGGzLL4hg==
  /@hyperlight/hyperapp-types/1.0.1:
    dev: false
    resolution:
      integrity: sha512-BLGA1iJQ6md8OV2Nbht1mHsiIFOzCtiYTHE7CMqDDD96QxcIYMO+T3YbHbsOYGkEdFZZBrqenVlUr/6GWLpIbQ==
  /@hyperlight/jsx/0.0.13:
    dependencies:
      hyperapp: 2.0.9
    dev: false
    engines:
      node: '>=12.4'
    resolution:
      integrity: sha512-dWuHG5la+PbU7nY3DoJejKKojzy/XMCcrlNnaZvhLlbTvjqJ1uDkklcv0HQAhqg8ctQWgMiLprxv28c39oD7Dg==
  /@hyperlight/livereload/1.0.10:
    dev: false
    engines:
      node: '>=12.4'
    resolution:
      integrity: sha512-2p8Qxtp+GQA4OeV3o8mXVximaWHshp2m1kaplC9/xM/XMaf3n51jpuIhgIkR07xJTeuBV8+vO4nMpcCGBtgzmA==
  /@nodelib/fs.scandir/2.1.4:
    dependencies:
      '@nodelib/fs.stat': 2.0.4
      run-parallel: 1.1.10
    dev: false
    engines:
      node: '>= 8'
    resolution:
      integrity: sha512-33g3pMJk3bg5nXbL/+CY6I2eJDzZAni49PfJnL5fghPTggPvBd/pFNSgJsdAgWptuFu7qq/ERvOYFlhvsLTCKA==
  /@nodelib/fs.stat/2.0.4:
    dev: false
    engines:
      node: '>= 8'
    resolution:
      integrity: sha512-IYlHJA0clt2+Vg7bccq+TzRdJvv19c2INqBSsoOLp1je7xjtr7J26+WXR72MCdvU9q1qTzIWDfhMf+DRvQJK4Q==
  /@nodelib/fs.walk/1.2.6:
    dependencies:
      '@nodelib/fs.scandir': 2.1.4
      fastq: 1.10.0
    dev: false
    engines:
      node: '>= 8'
    resolution:
      integrity: sha512-8Broas6vTtW4GIXTAHDoE32hnN2M5ykgCpWGbuXHQ15vEMqr23pB76e/GZcYsZCHALv50ktd24qhEyKr6wBtow==
  /@polka/url/1.0.0-next.11:
    dev: false
    resolution:
      integrity: sha512-3NsZsJIA/22P3QUyrEDNA2D133H4j224twJrdipXN38dpnIOzAbUDtOwkcJ5pXmn75w7LSQDjA4tO9dm1XlqlA==
  /@tinyhttp/accepts/1.1.0:
    dependencies:
      es-mime-types: 0.0.16
      negotiator: 0.6.2
    dev: false
    engines:
      node: '>=12.4.0'
    resolution:
      integrity: sha512-MA76hRlskBjbbkMN1kj1I9WSH2T83voUovjfPNjaeu0uooe3OTNs1DYuMxJMCmj0q1Ef3Qr8ZS4cBQhd+yJoHg==
  /@tinyhttp/app/1.1.8:
    dependencies:
      '@tinyhttp/cookie': 1.1.0
      '@tinyhttp/proxy-addr': 1.1.0
      '@tinyhttp/req': 1.1.1
      '@tinyhttp/res': 1.1.1
      '@tinyhttp/router': 1.1.0
      regexparam: 1.3.0
    dev: false
    engines:
      node: '>=12.x'
    resolution:
      integrity: sha512-mx1azvZ027NMUoLCmBxNTZu7VaEAfJNvguXoe1eHONyzsNPzcM9I5RLNO6jQme+au6qQiOhTCShr5gOTks8D8A==
  /@tinyhttp/content-disposition/1.1.0:
    dev: false
    engines:
      node: '>=12.4.0'
    resolution:
      integrity: sha512-PtYhgFGf+eh+Rep/q4+HJSMRtxqI5mmuEBaHIIEh/YDUpewyIAvGlCqrKcAKfYzYaaOu/vK0OEK2aRsuB7IwKQ==
  /@tinyhttp/cookie-signature/1.1.0:
    dev: false
    engines:
      node: '>=12.4.0'
    resolution:
      integrity: sha512-XQq88kCsaT/Qq4TVhYXjz98K5nLaNL5PiI9g95dHAQRVU6Co43IQdu0TXvzE8F3iybM2OiFW4/kafvbcnTPPdw==
  /@tinyhttp/cookie/1.1.0:
    dev: false
    engines:
      node: '>=12.4.0'
    resolution:
      integrity: sha512-o46r51JZxUlHK3v73EiOaZAxkJgEyrBycpK/EtuKzRTmZXmIrijWsncWv/0F6Ihg9qtwxLTEi3AyZDUU9V5r3A==
  /@tinyhttp/encode-url/0.1.0:
    dev: false
    engines:
      node: '>=12.4.0'
    resolution:
      integrity: sha512-TiP2T33myt8JwOqtM0hnq8XX+CrJwWz+6fzf9CislVwVbf06c8NDnh29V4Qv71UKyjh9e3NrMkWHY/nYvKKqWQ==
  /@tinyhttp/etag/1.1.0:
    dev: false
    engines:
      node: '>=12.4.0'
    resolution:
      integrity: sha512-QvaXas54VP9nQdhF6Iz2KJQ2MG2eOsHEI70Or9x3l3jpggqywHrncs4lW1XcfLuk658/9UNAmnz2EWODOMxfcA==
  /@tinyhttp/etag/1.1.1:
    dev: false
    engines:
      node: '>=12.4.0'
    resolution:
      integrity: sha512-TNWXC5lvtNrveronk+u+a+L1pCrfB+p4H+kRhjVrfhsxx5qqcVLHeWVroUNxpeHc33gheCHfbPUr4rrnHb3qgQ==
  /@tinyhttp/forwarded/1.1.1:
    dev: false
    engines:
      node: '>=12.4.0'
    resolution:
      integrity: sha512-oBId6BakwnbPFuFsvW3r7HIEG35lMO6A/Jtapk5o6vNrfe3nqa4PBDIo1xjLnzsCVZJ5a62oxCNDE3meavPZWQ==
  /@tinyhttp/proxy-addr/1.1.0:
    dependencies:
      '@tinyhttp/forwarded': 1.1.1
      ipaddr.js: 2.0.0
    dev: false
    engines:
      node: '>=12.4.0'
    resolution:
      integrity: sha512-PmUZTTVZCk7HyqQ6cWqPfbw26uF8DU9+OopUT7z0hqPem41c0Bkc6VRk4KiUdQghJqnJ0pX3vqGuq05l1OMcsA==
  /@tinyhttp/req/1.1.1:
    dependencies:
      '@tinyhttp/accepts': 1.1.0
      '@tinyhttp/type-is': 1.1.0
      '@tinyhttp/url': 1.1.1
      es-fresh: 0.0.8
      range-parser: 1.2.1
    dev: false
    engines:
      node: '>=12.4.0'
    resolution:
      integrity: sha512-TVjOR777PTImovBMWiRNgpccm5prAGaQjEKNB+Ig6dGR+Z7zxxFq5Q3dJlrsTPgMcnw2986d6ZBH1AcoPCkesw==
  /@tinyhttp/res/1.1.1:
    dependencies:
      '@tinyhttp/content-disposition': 1.1.0
      '@tinyhttp/cookie': 1.1.0
      '@tinyhttp/cookie-signature': 1.1.0
      '@tinyhttp/encode-url': 0.1.0
      '@tinyhttp/req': 1.1.1
      '@tinyhttp/send': 1.1.0
      es-mime-types: 0.0.16
      es-vary: 0.0.8
      escape-html: 1.0.3
    dev: false
    engines:
      node: '>=12.4.0'
    resolution:
      integrity: sha512-X4cqpsQaDqMdoAYjqB6JxInr4jj+rjR66Hedg3LmPHnMR0y49oo4c5MWD2HEcc8YskiqNUB7bUSdj2Y+/DilYQ==
  /@tinyhttp/router/1.1.0:
    dev: false
    engines:
      node: '>=12.4.0'
    resolution:
      integrity: sha512-OQ/uW5SbyfsJ1V8t8V9c6OZDvikbZXDZUiWIi/bVfA57mOlahYOzzoIwwF+UsCTyCmVDGhlEWFdmkF7uk3bPKw==
  /@tinyhttp/send/1.1.0:
    dependencies:
      '@tinyhttp/etag': 1.1.0
      es-content-type: 0.0.10
      es-mime-types: 0.0.16
    dev: false
    engines:
      node: '>=12.4.0'
    resolution:
      integrity: sha512-M4Pc0isae5wMA5NY+KQWyB31H6RU7qKc6nG4jdUhx5KSrplqhacd69aSL/gO+zt4i55PwrHy1YKCeTQbKBF0Ug==
  /@tinyhttp/type-is/1.1.0:
    dependencies:
      es-content-type: 0.0.10
      es-mime-types: 0.0.16
    dev: false
    engines:
      node: '>=12.4.0'
    resolution:
      integrity: sha512-rQVPEpk+K/gl6zV53T2Kc5usy557EqSag9th50LClaT9PPdbamrf5JKy+lnhoW5RNFOEwHYyCyZ5Y8gRX65yzg==
  /@tinyhttp/url/1.1.1:
    dependencies:
      regexparam: 1.3.0
    dev: false
    engines:
      node: '>=12.4.0'
    resolution:
      integrity: sha512-F9hAQj6m621OFbTLOsSRXK0AJy/aewXeV1hPJ2/Z7X4LDKWkCF/RutsXm0EMVnT9XyFXPnGLzO8OCuijB8jrfA==
  /@types/node/14.14.22:
    dev: false
    resolution:
      integrity: sha512-g+f/qj/cNcqKkc3tFqlXOYjrmZA+jNBiDzbP3kH+B+otKFqAdPgVTGP1IeKRdMml/aE69as5S4FqtxAbl+LaMw==
  /@typescript-eslint/types/4.14.0:
    dev: false
    engines:
      node: ^8.10.0 || ^10.13.0 || >=11.10.1
    resolution:
      integrity: sha512-VsQE4VvpldHrTFuVPY1ZnHn/Txw6cZGjL48e+iBxTi2ksa9DmebKjAeFmTVAYoSkTk7gjA7UqJ7pIsyifTsI4A==
  /@typescript-eslint/typescript-estree/4.14.0_typescript@3.9.7:
    dependencies:
      '@typescript-eslint/types': 4.14.0
      '@typescript-eslint/visitor-keys': 4.14.0
      debug: 4.3.1
      globby: 11.0.2
      is-glob: 4.0.1
      lodash: 4.17.20
      semver: 7.3.4
      tsutils: 3.19.1_typescript@3.9.7
      typescript: 3.9.7
    dev: false
    engines:
      node: ^10.12.0 || >=12.0.0
    peerDependencies:
      typescript: '*'
    peerDependenciesMeta:
      typescript:
        optional: true
    resolution:
      integrity: sha512-wRjZ5qLao+bvS2F7pX4qi2oLcOONIB+ru8RGBieDptq/SudYwshveORwCVU4/yMAd4GK7Fsf8Uq1tjV838erag==
  /@typescript-eslint/visitor-keys/4.14.0:
    dependencies:
      '@typescript-eslint/types': 4.14.0
      eslint-visitor-keys: 2.0.0
    dev: false
    engines:
      node: ^8.10.0 || ^10.13.0 || >=11.10.1
    resolution:
      integrity: sha512-MeHHzUyRI50DuiPgV9+LxcM52FCJFYjJiWHtXlbyC27b80mfOwKeiKI+MHOTEpcpfmoPFm/vvQS88bYIx6PZTA==
  /anymatch/3.1.1:
    dependencies:
      normalize-path: 3.0.0
      picomatch: 2.2.2
    dev: false
    engines:
      node: '>= 8'
    resolution:
      integrity: sha512-mM8522psRCqzV+6LhomX5wgp25YVibjh8Wj23I5RPkPppSVSjyKD2A2mBJmWGa+KN7f2D6LNh9jkBCeyLktzjg==
  /app-module-path/2.2.0:
    dev: false
    resolution:
      integrity: sha1-ZBqlXft9am8KgUHEucCqULbCTdU=
  /array-union/2.1.0:
    dev: false
    engines:
      node: '>=8'
    resolution:
      integrity: sha512-HGyxoOTYUyCM6stUe6EJgnd4EoewAI7zMdfqO+kGjnlZmBDz/cR5pf8r/cR4Wq60sL/p0IkcjUEEPwS3GFrIyw==
  /as-table/1.0.55:
    dependencies:
      printable-characters: 1.0.42
    dev: false
    resolution:
      integrity: sha512-xvsWESUJn0JN421Xb9MQw6AsMHRCUknCe0Wjlxvjud80mU4E6hQf1A6NzQKcYNmYw62MfzEtXc+badstZP3JpQ==
  /ast-module-types/2.7.1:
    dev: false
    resolution:
      integrity: sha512-Rnnx/4Dus6fn7fTqdeLEAn5vUll5w7/vts0RN608yFa6si/rDOUonlIIiwugHBFWjylHjxm9owoSZn71KwG4gw==
  /balanced-match/1.0.0:
    dev: false
    resolution:
      integrity: sha1-ibTRmasr7kneFk6gK4nORi1xt2c=
  /binary-extensions/2.2.0:
    dev: false
    engines:
      node: '>=8'
    resolution:
      integrity: sha512-jDctJ/IVQbZoJykoeHbhXpOlNBqGNcwXJKJog42E5HDPUwQTSdjCHdihjj0DlnheQ7blbT6dHOafNAiS8ooQKA==
  /brace-expansion/1.1.11:
    dependencies:
      balanced-match: 1.0.0
      concat-map: 0.0.1
    dev: false
    resolution:
      integrity: sha512-iCuPHDFgrHX7H2vEI/5xpz07zSHB00TpugqhmYtVmMO6518mCuRMoOYFldEBl0g187ufozdaHgWKcYFb61qGiA==
  /braces/3.0.2:
    dependencies:
      fill-range: 7.0.1
    dev: false
    engines:
      node: '>=8'
    resolution:
      integrity: sha512-b8um+L1RzM3WDSzvhm6gIz1yfTbBt6YTlcEKAvsmqCZZFw46z626lVj9j1yEPW33H5H+lBQpZMP1k8l+78Ha0A==
  /buffer-from/1.1.1:
    dev: false
    resolution:
      integrity: sha512-MQcXEUbCKtEo7bhqEs6560Hyd4XaovZlO/k9V3hjVUF/zwW7KBVdSK4gIt/bzwS9MbR5qob+F5jusZsb0YQK2A==
  /bytes/3.0.0:
    dev: false
    engines:
      node: '>= 0.8'
    resolution:
      integrity: sha1-0ygVQE1olpn4Wk6k+odV3ROpYEg=
  /cac/6.7.1:
    dev: false
    engines:
      node: '>=8'
    resolution:
      integrity: sha512-LfGt47+ugCY65W4yUEyxnZKd/tJSBJD/gUAxQGiQjH7yqdhbaX2XN0Rli4+0W0DJiDONmYeh0TlJxMtXGZspIg==
  /colorette/1.2.1:
    dev: false
    resolution:
      integrity: sha512-puCDz0CzydiSYOrnXpz/PKd69zRrribezjtE9yd4zvytoRc8+RY/KJPvtPFKZS3E3wP6neGyMe0vOTlHO5L3Pw==
  /commander/2.20.3:
    dev: false
    resolution:
      integrity: sha512-GpVkmM8vF2vQUkj2LvZmD35JxeJOLCwJ9cUkugyk2nuhbv3+mJvpLYYt+0+USMxE+oj+ey/lJEnhZw75x/OMcQ==
  /concat-map/0.0.1:
    dev: false
    resolution:
      integrity: sha1-2Klr13/Wjfd5OnMDajug1UBdR3s=
  /content-disposition/0.5.2:
    dev: false
    engines:
      node: '>= 0.6'
    resolution:
      integrity: sha1-DPaLud318r55YcOoUXjLhdunjLQ=
  /debug/4.3.1:
    dependencies:
      ms: 2.1.2
    dev: false
    engines:
      node: '>=6.0'
    peerDependencies:
      supports-color: '*'
    peerDependenciesMeta:
      supports-color:
        optional: true
    resolution:
      integrity: sha512-doEwdvm4PCeK4K3RQN2ZC2BYUBaxwLARCqZmMjtF8a51J2Rb0xpVloFRnCODwqjpwnAoao4pelN8l3RJdv3gRQ==
  /decomment/0.9.3:
    dependencies:
      esprima: 4.0.1
    dev: false
    engines:
      node: '>=6.4'
      npm: '>=2.15'
    resolution:
      integrity: sha512-5skH5BfUL3n09RDmMVaHS1QGCiZRnl2nArUwmsE9JRY93Ueh3tihYl5wIrDdAuXnoFhxVis/DmRWREO2c6DG3w==
  /deep-is/0.1.3:
    dev: false
    resolution:
      integrity: sha1-s2nW+128E+7PUk+RsHD+7cNXzzQ=
  /dependency-tree/8.0.0:
    dependencies:
      commander: 2.20.3
      debug: 4.3.1
      filing-cabinet: 3.0.0
      precinct: 7.0.0
      typescript: 3.9.7
    dev: false
    engines:
      node: ^10.13 || ^12 || >=14
    hasBin: true
    resolution:
      integrity: sha512-zagnV3jgizudEWY3FIFkGCrRr3+GukSMLlw1snIWAOL2beceC22hBXdeNjCnnfPZvbHIPB9DvacSCfD+IoOG3w==
  /detective-amd/3.0.1:
    dependencies:
      ast-module-types: 2.7.1
      escodegen: 1.14.3
      get-amd-module-type: 3.0.0
      node-source-walk: 4.2.0
    dev: false
    engines:
      node: '>= 6.0'
    hasBin: true
    resolution:
      integrity: sha512-vJgluSKkPyo+/McW9hzwmZwY1VPA3BS0VS1agdpPAWAhr65HwC1ox4Ig82rVfGYDYCa4GcKQON5JWBk++2Kf1Q==
  /detective-cjs/3.1.1:
    dependencies:
      ast-module-types: 2.7.1
      node-source-walk: 4.2.0
    dev: false
    engines:
      node: '>= 6.0'
    resolution:
      integrity: sha512-JQtNTBgFY6h8uT6pgph5QpV3IyxDv+z3qPk/FZRDT9TlFfm5dnRtpH39WtQEr1khqsUxVqXzKjZHpdoQvQbllg==
  /detective-es6/2.2.0:
    dependencies:
      node-source-walk: 4.2.0
    dev: false
    engines:
      node: '>= 6.0'
    resolution:
      integrity: sha512-fSpNY0SLER7/sVgQZ1NxJPwmc9uCTzNgdkQDhAaj8NPYwr7Qji9QBcmbNvtMCnuuOGMuKn3O7jv0An+/WRWJZQ==
  /detective-less/1.0.2:
    dependencies:
      debug: 4.3.1
      gonzales-pe: 4.3.0
      node-source-walk: 4.2.0
    dev: false
    engines:
      node: '>= 6.0'
    resolution:
      integrity: sha512-Rps1xDkEEBSq3kLdsdnHZL1x2S4NGDcbrjmd4q+PykK5aJwDdP5MBgrJw1Xo+kyUHuv3JEzPqxr+Dj9ryeDRTA==
  /detective-postcss/4.0.0:
    dependencies:
      debug: 4.3.1
      is-url: 1.2.4
      postcss: 8.2.4
      postcss-values-parser: 2.0.1
    dev: false
    engines:
      node: ^10 || ^12 || >=14
    resolution:
      integrity: sha512-Fwc/g9VcrowODIAeKRWZfVA/EufxYL7XfuqJQFroBKGikKX83d2G7NFw6kDlSYGG3LNQIyVa+eWv1mqre+v4+A==
  /detective-sass/3.0.1:
    dependencies:
      debug: 4.3.1
      gonzales-pe: 4.3.0
      node-source-walk: 4.2.0
    dev: false
    engines:
      node: '>= 6.0'
    resolution:
      integrity: sha512-oSbrBozRjJ+QFF4WJFbjPQKeakoaY1GiR380NPqwdbWYd5wfl5cLWv0l6LsJVqrgWfFN1bjFqSeo32Nxza8Lbw==
  /detective-scss/2.0.1:
    dependencies:
      debug: 4.3.1
      gonzales-pe: 4.3.0
      node-source-walk: 4.2.0
    dev: false
    engines:
      node: '>= 6.0'
    resolution:
      integrity: sha512-VveyXW4WQE04s05KlJ8K0bG34jtHQVgTc9InspqoQxvnelj/rdgSAy7i2DXAazyQNFKlWSWbS+Ro2DWKFOKTPQ==
  /detective-stylus/1.0.0:
    dev: false
    resolution:
      integrity: sha1-UK7n24uruZA4HwEMY/q7pbWOVM0=
  /detective-typescript/6.0.0:
    dependencies:
      '@typescript-eslint/typescript-estree': 4.14.0_typescript@3.9.7
      ast-module-types: 2.7.1
      node-source-walk: 4.2.0
      typescript: 3.9.7
    dev: false
    engines:
      node: ^10.13 || >=12.0.0
    resolution:
      integrity: sha512-vTidcSDK3QostdbrH2Rwf9FhvrgJ4oIaVw5jbolgruTejexk6nNa9DShGpuS8CFVDb1IP86jct5BaZt1wSxpkA==
  /dir-glob/3.0.1:
    dependencies:
      path-type: 4.0.0
    dev: false
    engines:
      node: '>=8'
    resolution:
      integrity: sha512-WkrWp9GR4KXfKGYzOLmTuGVi1UWFfws377n9cc55/tb6DuqyF6pcQ5AbiHEshaDpY9v6oaSr2XCDidGmMwdzIA==
  /enhanced-resolve/5.7.0:
    dependencies:
      graceful-fs: 4.2.4
      tapable: 2.2.0
    dev: false
    engines:
      node: '>=10.13.0'
    resolution:
      integrity: sha512-6njwt/NsZFUKhM6j9U8hzVyD4E4r0x7NQzhTCbcWOJ0IQjNSAoalWmb0AE51Wn+fwan5qVESWi7t2ToBxs9vrw==
  /es-content-type/0.0.10:
    dev: false
    engines:
      node: '>=12.x'
    resolution:
      integrity: sha512-yCgcv1M2IuFUoGZ3zE4OR2INGmZOwEuyaE5WX4MOKGpJcO8JXgVOIcXVicwnTqlxvx6qs9IJGl/Rr1+YtCkRgg==
  /es-fresh/0.0.8:
    dev: false
    engines:
      node: '>=12.x'
    resolution:
      integrity: sha512-ZM+K/T/zHJVuOhaz19iymidACazB1fl2uihBtSfRie8YzN1YM+KldVmNaU+GSmVvTOPSO2utKOhxcOinr5tKjw==
  /es-mime-types/0.0.16:
    dependencies:
      mime-db: 1.45.0
    dev: false
    engines:
      node: '>=12.x'
    resolution:
      integrity: sha512-84QoSLeA7cdTeHpALFNl3ZOstXfvLt426/kaOgmSxmNUOhi4GesKVkhJgIfnsqGNziYezVA8rvZUsXj7oWX2qQ==
  /es-vary/0.0.8:
    dev: false
    engines:
      node: '>=12.x'
    resolution:
      integrity: sha512-fiERjQiCHrXUAToNRT/sh7MtXnfei9n7cF9oVQRUEp9L5BGXsTKSPaXq8L+4v0c/ezfvuTWd/f0JSl5IBRUvSg==
  /esbuild/0.8.34:
    dev: false
    hasBin: true
    requiresBuild: true
    resolution:
      integrity: sha512-tnr0V1ooakYr1aRLXQLzCn2GVG1kBTW3FWpRyC+NgrR3ntsouVpJOlTOV0BS4YLATx3/c+x3h/uBq9lWJlUAtQ==
  /escape-html/1.0.3:
    dev: false
    resolution:
      integrity: sha1-Aljq5NPQwJdN4cFpGI7wBR0dGYg=
  /escodegen/1.14.3:
    dependencies:
      esprima: 4.0.1
      estraverse: 4.3.0
      esutils: 2.0.3
      optionator: 0.8.3
    dev: false
    engines:
      node: '>=4.0'
    hasBin: true
    optionalDependencies:
      source-map: 0.6.1
    resolution:
      integrity: sha512-qFcX0XJkdg+PB3xjZZG/wKSuT1PnQWx57+TVSjIMmILd2yC/6ByYElPwJnslDsuWuSAp4AwJGumarAAmJch5Kw==
  /eslint-visitor-keys/2.0.0:
    dev: false
    engines:
      node: '>=10'
    resolution:
      integrity: sha512-QudtT6av5WXels9WjIM7qz1XD1cWGvX4gGXvp/zBn9nXG02D0utdU3Em2m/QjTnrsk6bBjmCygl3rmj118msQQ==
  /esprima/4.0.1:
    dev: false
    engines:
      node: '>=4'
    hasBin: true
    resolution:
      integrity: sha512-eGuFFw7Upda+g4p+QHvnW0RyTX/SVeJBDM/gCtMARO0cLuT2HcEKnTPvhjV6aGeqrCB/sbNop0Kszm0jsaWU4A==
  /estraverse/4.3.0:
    dev: false
    engines:
      node: '>=4.0'
    resolution:
      integrity: sha512-39nnKffWz8xN1BU/2c79n9nB9HDzo0niYUqx6xyqUnyoAnQyyWpOTdZEeiCch8BBu515t4wp9ZmgVfVhn9EBpw==
  /esutils/2.0.3:
    dev: false
    engines:
      node: '>=0.10.0'
    resolution:
      integrity: sha512-kVscqXk4OCp68SZ0dkgEKVi6/8ij300KBWTJq32P/dYeWTSwK41WyTxalN1eRmA5Z9UU/LX9D7FWSmV9SAYx6g==
  /fast-glob/3.2.5:
    dependencies:
      '@nodelib/fs.stat': 2.0.4
      '@nodelib/fs.walk': 1.2.6
      glob-parent: 5.1.1
      merge2: 1.4.1
      micromatch: 4.0.2
      picomatch: 2.2.2
    dev: false
    engines:
      node: '>=8'
    resolution:
      integrity: sha512-2DtFcgT68wiTTiwZ2hNdJfcHNke9XOfnwmBRWXhmeKM8rF0TGwmC/Qto3S7RoZKp5cilZbxzO5iTNTQsJ+EeDg==
  /fast-levenshtein/2.0.6:
    dev: false
    resolution:
      integrity: sha1-PYpcZog6FqMMqGQ+hR8Zuqd5eRc=
  /fast-url-parser/1.1.3:
    dependencies:
      punycode: 1.4.1
    dev: false
    resolution:
      integrity: sha1-9K8+qfNNiicc9YrSs3WfQx8LMY0=
  /fastq/1.10.0:
    dependencies:
      reusify: 1.0.4
    dev: false
    resolution:
      integrity: sha512-NL2Qc5L3iQEsyYzweq7qfgy5OtXCmGzGvhElGEd/SoFWEMOEczNh5s5ocaF01HDetxz+p8ecjNPA6cZxxIHmzA==
  /filing-cabinet/3.0.0:
    dependencies:
      app-module-path: 2.2.0
      commander: 2.20.3
      debug: 4.3.1
      decomment: 0.9.3
      enhanced-resolve: 5.7.0
      is-relative-path: 1.0.2
      module-definition: 3.3.1
      module-lookup-amd: 7.0.1
      resolve: 1.19.0
      resolve-dependency-path: 2.0.0
      sass-lookup: 3.0.0
      stylus-lookup: 3.0.2
      typescript: 3.9.7
    dev: false
    engines:
      node: '>=10.13.0'
    hasBin: true
    resolution:
      integrity: sha512-o8Qac5qxZ1uVidR4Sd7ZQbbqObFZlqXU4xu1suAYg9PQPcQFNTzOmxQa/MehIDMgIvXHTb42mWPNV9l3eHBPSw==
  /fill-range/7.0.1:
    dependencies:
      to-regex-range: 5.0.1
    dev: false
    engines:
      node: '>=8'
    resolution:
      integrity: sha512-qOo9F+dMUmC2Lcb4BbVvnKJxTPjCm+RRpe4gDuGrzkL7mEVl/djYSu2OdQ2Pa302N4oqkSg9ir6jaLWJ2USVpQ==
  /flatten/1.0.3:
    dev: false
    resolution:
      integrity: sha512-dVsPA/UwQ8+2uoFe5GHtiBMu48dWLTdsuEd7CKGlZlD78r1TTWBvDuFaFGKCo/ZfEr95Uk56vZoX86OsHkUeIg==
  /fs.realpath/1.0.0:
    dev: false
    resolution:
      integrity: sha1-FQStJSMVjKpA20onh8sBQRmU6k8=
  /fsevents/2.3.1:
    dev: false
    engines:
      node: ^8.16.0 || ^10.6.0 || >=11.0.0
    optional: true
    os:
      - darwin
    resolution:
      integrity: sha512-YR47Eg4hChJGAB1O3yEAOkGO+rlzutoICGqGo9EZ4lKWokzZRSyIW1QmTzqjtw8MJdj9srP869CuWw/hyzSiBw==
  /function-bind/1.1.1:
    dev: false
    resolution:
      integrity: sha512-yIovAzMX49sF8Yl58fSCWJ5svSLuaibPxXQJFLmBObTuCr0Mf1KiPopGM9NiFjiYBCbfaa2Fh6breQ6ANVTI0A==
  /get-amd-module-type/3.0.0:
    dependencies:
      ast-module-types: 2.7.1
      node-source-walk: 4.2.0
    dev: false
    engines:
      node: '>=6.0'
    resolution:
      integrity: sha512-99Q7COuACPfVt18zH9N4VAMyb81S6TUgJm2NgV6ERtkh9VIkAaByZkW530wl3lLN5KTtSrK9jVLxYsoP5hQKsw==
  /get-own-enumerable-property-symbols/3.0.2:
    dev: false
    resolution:
      integrity: sha512-I0UBV/XOz1XkIJHEUDMZAbzCThU/H8DxmSfmdGcKPnVhu2VfFqr34jr9777IyaTYvxjedWhqVIilEDsCdP5G6g==
  /glob-parent/5.1.1:
    dependencies:
      is-glob: 4.0.1
    dev: false
    engines:
      node: '>= 6'
    resolution:
      integrity: sha512-FnI+VGOpnlGHWZxthPGR+QhR78fuiK0sNLkHQv+bL9fQi57lNNdquIbna/WrfROrolq8GK5Ek6BiMwqL/voRYQ==
  /glob/7.1.6:
    dependencies:
      fs.realpath: 1.0.0
      inflight: 1.0.6
      inherits: 2.0.4
      minimatch: 3.0.4
      once: 1.4.0
      path-is-absolute: 1.0.1
    dev: false
    resolution:
      integrity: sha512-LwaxwyZ72Lk7vZINtNNrywX0ZuLyStrdDtabefZKAY5ZGJhVtgdznluResxNmPitE0SAO+O26sWTHeKSI2wMBA==
  /globby/11.0.2:
    dependencies:
      array-union: 2.1.0
      dir-glob: 3.0.1
      fast-glob: 3.2.5
      ignore: 5.1.8
      merge2: 1.4.1
      slash: 3.0.0
    dev: false
    engines:
      node: '>=10'
    resolution:
      integrity: sha512-2ZThXDvvV8fYFRVIxnrMQBipZQDr7MxKAmQK1vujaj9/7eF0efG7BPUKJ7jP7G5SLF37xKDXvO4S/KKLj/Z0og==
  /gonzales-pe/4.3.0:
    dependencies:
      minimist: 1.2.5
    dev: false
    engines:
      node: '>=0.6.0'
    hasBin: true
    resolution:
      integrity: sha512-otgSPpUmdWJ43VXyiNgEYE4luzHCL2pz4wQ0OnDluC6Eg4Ko3Vexy/SrSynglw/eR+OhkzmqFCZa/OFa/RgAOQ==
  /graceful-fs/4.2.4:
    dev: false
    resolution:
      integrity: sha512-WjKPNJF79dtJAVniUlGGWHYGz2jWxT6VhN/4m1NdkbZ2nOsEF+cI1Edgql5zCRhs/VsQYRvrXctxktVXZUkixw==
  /has/1.0.3:
    dependencies:
      function-bind: 1.1.1
    dev: false
    engines:
      node: '>= 0.4.0'
    resolution:
      integrity: sha512-f2dvO0VU6Oej7RkWJGrehjbzMAjFp5/VKPp5tTpWIV4JHHZK1/BxbFRtf/siA2SWTe09caDmVtYYzWEIbBS4zw==
  /hyperapp-render/3.5.0:
    dependencies:
      '@types/node': 14.14.22
    dev: false
    resolution:
      integrity: sha512-46APdmACgNac3KEfTN8urHo6ODxQbthRJcwadecofVYIUM75j2LJds7V5cOXLO7mRCZ6OJEN0h/owNhisZZWVA==
  /hyperapp/2.0.9:
    dev: false
    resolution:
      integrity: sha512-ZAB564TnZG7DizaPvQS4qQisUV2W59jy18FGj4o7Il6bCZ/jPo1OhaOj65FxC1afTSjEDbMq+OPyHfH+74/l+Q==
  /hyperlight/0.0.23_hyperapp@2.0.9:
    dependencies:
      '@hyperlight/hyperapp-types': 1.0.1
      '@hyperlight/livereload': 1.0.10
      '@tinyhttp/app': 1.1.8
      '@tinyhttp/etag': 1.1.1
      as-table: 1.0.55
      cac: 6.7.1
      chokidar: github.com/paulmillr/chokidar/1d226cbfa50292e122043ceb3c1f4c34a5acd16e
      colorette: 1.2.1
      dependency-tree: 8.0.0
      esbuild: 0.8.34
      hyperapp: 2.0.9
      hyperapp-render: 3.5.0
      ncp: 2.0.0
      readdirp: 3.5.0
      serve-handler: 6.1.3
      sirv: 1.0.10
      terser: 5.5.1
      ws: 7.4.2
    dev: false
    engines:
      node: '>=12.4'
    hasBin: true
    peerDependencies:
      hyperapp: ^2.0.8
    resolution:
      integrity: sha512-tDkk4L3vCAnbjLwUPwmHOPApJkzUcXvIbJ9ARmYchbVWxOFR1GBE+GPPyejfxPvwQo3kmY1lm2azp0F4dOwKew==
  /ignore/5.1.8:
    dev: false
    engines:
      node: '>= 4'
    resolution:
      integrity: sha512-BMpfD7PpiETpBl/A6S498BaIJ6Y/ABT93ETbby2fP00v4EbvPBXWEoaR1UBPKs3iR53pJY7EtZk5KACI57i1Uw==
  /indexes-of/1.0.1:
    dev: false
    resolution:
      integrity: sha1-8w9xbI4r00bHtn0985FVZqfAVgc=
  /inflight/1.0.6:
    dependencies:
      once: 1.4.0
      wrappy: 1.0.2
    dev: false
    resolution:
      integrity: sha1-Sb1jMdfQLQwJvJEKEHW6gWW1bfk=
  /inherits/2.0.4:
    dev: false
    resolution:
      integrity: sha512-k/vGaX4/Yla3WzyMCvTQOXYeIHvqOKtnqBduzTHpzpQZzAskKMhZ2K+EnBiSM9zGSoIFeMpXKxa4dYeZIQqewQ==
  /ipaddr.js/2.0.0:
    dev: false
    engines:
      node: '>= 10'
    resolution:
      integrity: sha512-S54H9mIj0rbxRIyrDMEuuER86LdlgUg9FSeZ8duQb6CUG2iRrA36MYVQBSprTF/ZeAwvyQ5mDGuNvIPM0BIl3w==
  /is-binary-path/2.1.0:
    dependencies:
      binary-extensions: 2.2.0
    dev: false
    engines:
      node: '>=8'
    resolution:
      integrity: sha512-ZMERYes6pDydyuGidse7OsHxtbI7WVeUEozgR/g7rd0xUimYNlvZRE/K2MgZTjWy725IfelLeVcEM97mmtRGXw==
  /is-core-module/2.2.0:
    dependencies:
      has: 1.0.3
    dev: false
    resolution:
      integrity: sha512-XRAfAdyyY5F5cOXn7hYQDqh2Xmii+DEfIcQGxK/uNwMHhIkPWO0g8msXcbzLe+MpGoR951MlqM/2iIlU4vKDdQ==
  /is-extglob/2.1.1:
    dev: false
    engines:
      node: '>=0.10.0'
    resolution:
      integrity: sha1-qIwCU1eR8C7TfHahueqXc8gz+MI=
  /is-glob/4.0.1:
    dependencies:
      is-extglob: 2.1.1
    dev: false
    engines:
      node: '>=0.10.0'
    resolution:
      integrity: sha512-5G0tKtBTFImOqDnLB2hG6Bp2qcKEFduo4tZu9MT/H6NQv/ghhy30o55ufafxJ/LdH79LLs2Kfrn85TLKyA7BUg==
  /is-number/7.0.0:
    dev: false
    engines:
      node: '>=0.12.0'
    resolution:
      integrity: sha512-41Cifkg6e8TylSpdtTpeLVMqvSBEVzTttHvERD741+pnZ8ANv0004MRL43QKPDlK9cGvNp6NZWZUBlbGXYxxng==
  /is-obj/1.0.1:
    dev: false
    engines:
      node: '>=0.10.0'
    resolution:
      integrity: sha1-PkcprB9f3gJc19g6iW2rn09n2w8=
  /is-regexp/1.0.0:
    dev: false
    engines:
      node: '>=0.10.0'
    resolution:
      integrity: sha1-/S2INUXEa6xaYz57mgnof6LLUGk=
  /is-relative-path/1.0.2:
    dev: false
    resolution:
      integrity: sha1-CRtGoNZ8HtD+hfH4z93gBrslHUY=
  /is-url/1.2.4:
    dev: false
    resolution:
      integrity: sha512-ITvGim8FhRiYe4IQ5uHSkj7pVaPDrCTkNd3yq3cV7iZAcJdHTUMPMEHcqSOy9xZ9qFenQCvi+2wjH9a1nXqHww==
  /levn/0.3.0:
    dependencies:
      prelude-ls: 1.1.2
      type-check: 0.3.2
    dev: false
    engines:
      node: '>= 0.8.0'
    resolution:
      integrity: sha1-OwmSTt+fCDwEkP3UwLxEIeBHZO4=
  /lodash/4.17.20:
    dev: false
    resolution:
      integrity: sha512-PlhdFcillOINfeV7Ni6oF1TAEayyZBoZ8bcshTHqOYJYlrqzRK5hagpagky5o4HfCzzd1TRkXPMFq6cKk9rGmA==
  /lru-cache/6.0.0:
    dependencies:
      yallist: 4.0.0
    dev: false
    engines:
      node: '>=10'
    resolution:
      integrity: sha512-Jo6dJ04CmSjuznwJSS3pUeWmd/H0ffTlkXXgwZi+eq1UCmqQwCh+eLsYOYCwY991i2Fah4h1BEMCx4qThGbsiA==
  /merge2/1.4.1:
    dev: false
    engines:
      node: '>= 8'
    resolution:
      integrity: sha512-8q7VEgMJW4J8tcfVPy8g09NcQwZdbwFEqhe/WZkoIzjn/3TGDwtOCYtXGxA3O8tPzpczCCDgv+P2P5y00ZJOOg==
  /micromatch/4.0.2:
    dependencies:
      braces: 3.0.2
      picomatch: 2.2.2
    dev: false
    engines:
      node: '>=8'
    resolution:
      integrity: sha512-y7FpHSbMUMoyPbYUSzO6PaZ6FyRnQOpHuKwbo1G+Knck95XVU4QAiKdGEnj5wwoS7PlOgthX/09u5iFJ+aYf5Q==
  /mime-db/1.33.0:
    dev: false
    engines:
      node: '>= 0.6'
    resolution:
      integrity: sha512-BHJ/EKruNIqJf/QahvxwQZXKygOQ256myeN/Ew+THcAa5q+PjyTTMMeNQC4DZw5AwfvelsUrA6B67NKMqXDbzQ==
  /mime-db/1.45.0:
    dev: false
    engines:
      node: '>= 0.6'
    resolution:
      integrity: sha512-CkqLUxUk15hofLoLyljJSrukZi8mAtgd+yE5uO4tqRZsdsAJKv0O+rFMhVDRJgozy+yG6md5KwuXhD4ocIoP+w==
  /mime-types/2.1.18:
    dependencies:
      mime-db: 1.33.0
    dev: false
    engines:
      node: '>= 0.6'
    resolution:
      integrity: sha512-lc/aahn+t4/SWV/qcmumYjymLsWfN3ELhpmVuUFjgsORruuZPVSwAQryq+HHGvO/SI2KVX26bx+En+zhM8g8hQ==
  /mime/2.5.0:
    dev: false
    engines:
      node: '>=4.0.0'
    hasBin: true
    resolution:
      integrity: sha512-ft3WayFSFUVBuJj7BMLKAQcSlItKtfjsKDDsii3rqFDAZ7t11zRe8ASw/GlmivGwVUYtwkQrxiGGpL6gFvB0ag==
  /minimatch/3.0.4:
    dependencies:
      brace-expansion: 1.1.11
    dev: false
    resolution:
      integrity: sha512-yJHVQEhyqPLUTgt9B83PXu6W3rx4MvvHvSUvToogpwoGDOUQ+yDrR0HRot+yOCdCO7u4hX3pWft6kWBBcqh0UA==
  /minimist/1.2.5:
    dev: false
    resolution:
      integrity: sha512-FM9nNUYrRBAELZQT3xeZQ7fmMOBg6nWNmJKTcgsJeaLstP/UODVpGsr5OhXhhXg6f+qtJ8uiZ+PUxkDWcgIXLw==
  /module-definition/3.3.1:
    dependencies:
      ast-module-types: 2.7.1
      node-source-walk: 4.2.0
    dev: false
    engines:
      node: '>=6.0'
    hasBin: true
    resolution:
      integrity: sha512-kLidGPwQ2yq484nSD+D3JoJp4Etc0Ox9P0L34Pu/cU4X4HcG7k7p62XI5BBuvURWMRX3RPyuhOcBHbKus+UH4A==
  /module-lookup-amd/7.0.1:
    dependencies:
      commander: 2.20.3
      debug: 4.3.1
      glob: 7.1.6
      requirejs: 2.3.6
      requirejs-config-file: 4.0.0
    dev: false
    engines:
      node: '>=10.13.0'
    hasBin: true
    resolution:
      integrity: sha512-w9mCNlj0S8qviuHzpakaLVc+/7q50jl9a/kmJ/n8bmXQZgDPkQHnPBb8MUOYh3WpAYkXuNc2c+khsozhIp/amQ==
  /ms/2.1.2:
    dev: false
    resolution:
      integrity: sha512-sGkPx+VjMtmA6MX27oA4FBFELFCZZ4S4XqeGOXCv68tT+jb3vk/RyaKWP0PTKyWtmLSM0b+adUTEvbs1PEaH2w==
  /nanoid/3.1.20:
    dev: false
    engines:
      node: ^10 || ^12 || ^13.7 || ^14 || >=15.0.1
    hasBin: true
    resolution:
      integrity: sha512-a1cQNyczgKbLX9jwbS/+d7W8fX/RfgYR7lVWwWOGIPNgK2m0MWvrGF6/m4kk6U3QcFMnZf3RIhL0v2Jgh/0Uxw==
  /ncp/2.0.0:
    dev: false
    hasBin: true
    resolution:
      integrity: sha1-GVoh1sRuNh0vsSgbo4uR6d9727M=
  /negotiator/0.6.2:
    dev: false
    engines:
      node: '>= 0.6'
    resolution:
      integrity: sha512-hZXc7K2e+PgeI1eDBe/10Ard4ekbfrrqG8Ep+8Jmf4JID2bNg7NvCPOZN+kfF574pFQI7mum2AUqDidoKqcTOw==
  /node-source-walk/4.2.0:
    dependencies:
      '@babel/parser': 7.12.11
    dev: false
    engines:
      node: '>=6.0'
    resolution:
      integrity: sha512-hPs/QMe6zS94f5+jG3kk9E7TNm4P2SulrKiLWMzKszBfNZvL/V6wseHlTd7IvfW0NZWqPtK3+9yYNr+3USGteA==
  /normalize-path/3.0.0:
    dev: false
    engines:
      node: '>=0.10.0'
    resolution:
      integrity: sha512-6eZs5Ls3WtCisHWp9S2GUy8dqkpGi4BVSz3GaqiE6ezub0512ESztXUwUB6C6IKbQkY2Pnb/mD4WYojCRwcwLA==
  /once/1.4.0:
    dependencies:
      wrappy: 1.0.2
    dev: false
    resolution:
      integrity: sha1-WDsap3WWHUsROsF9nFC6753Xa9E=
  /optionator/0.8.3:
    dependencies:
      deep-is: 0.1.3
      fast-levenshtein: 2.0.6
      levn: 0.3.0
      prelude-ls: 1.1.2
      type-check: 0.3.2
      word-wrap: 1.2.3
    dev: false
    engines:
      node: '>= 0.8.0'
    resolution:
      integrity: sha512-+IW9pACdk3XWmmTXG8m3upGUJst5XRGzxMRjXzAuJ1XnIFNvfhjjIuYkDvysnPQ7qzqVzLt78BCruntqRhWQbA==
  /path-is-absolute/1.0.1:
    dev: false
    engines:
      node: '>=0.10.0'
    resolution:
      integrity: sha1-F0uSaHNVNP+8es5r9TpanhtcX18=
  /path-is-inside/1.0.2:
    dev: false
    resolution:
      integrity: sha1-NlQX3t5EQw0cEa9hAn+s8HS9/FM=
  /path-parse/1.0.6:
    dev: false
    resolution:
      integrity: sha512-GSmOT2EbHrINBf9SR7CDELwlJ8AENk3Qn7OikK4nFYAu3Ote2+JYNVvkpAEQm3/TLNEJFD/xZJjzyxg3KBWOzw==
  /path-to-regexp/2.2.1:
    dev: false
    resolution:
      integrity: sha512-gu9bD6Ta5bwGrrU8muHzVOBFFREpp2iRkVfhBJahwJ6p6Xw20SjT0MxLnwkjOibQmGSYhiUnf2FLe7k+jcFmGQ==
  /path-type/4.0.0:
    dev: false
    engines:
      node: '>=8'
    resolution:
      integrity: sha512-gDKb8aZMDeD/tZWs9P6+q0J9Mwkdl6xMV8TjnGP3qJVJ06bdMgkbBlLU8IdfOsIsFz2BW1rNVT3XuNEl8zPAvw==
  /picomatch/2.2.2:
    dev: false
    engines:
      node: '>=8.6'
    resolution:
      integrity: sha512-q0M/9eZHzmr0AulXyPwNfZjtwZ/RBZlbN3K3CErVrk50T2ASYI7Bye0EvekFY3IP1Nt2DHu0re+V2ZHIpMkuWg==
  /postcss-values-parser/2.0.1:
    dependencies:
      flatten: 1.0.3
      indexes-of: 1.0.1
      uniq: 1.0.1
    dev: false
    engines:
      node: '>=6.14.4'
    resolution:
      integrity: sha512-2tLuBsA6P4rYTNKCXYG/71C7j1pU6pK503suYOmn4xYrQIzW+opD+7FAFNuGSdZC/3Qfy334QbeMu7MEb8gOxg==
  /postcss/8.2.4:
    dependencies:
      colorette: 1.2.1
      nanoid: 3.1.20
      source-map: 0.6.1
    dev: false
    engines:
      node: ^10 || ^12 || >=14
    resolution:
      integrity: sha512-kRFftRoExRVXZlwUuay9iC824qmXPcQQVzAjbCCgjpXnkdMCJYBu2gTwAaFBzv8ewND6O8xFb3aELmEkh9zTzg==
  /precinct/7.0.0:
    dependencies:
      commander: 2.20.3
      debug: 4.3.1
      detective-amd: 3.0.1
      detective-cjs: 3.1.1
      detective-es6: 2.2.0
      detective-less: 1.0.2
      detective-postcss: 4.0.0
      detective-sass: 3.0.1
      detective-scss: 2.0.1
      detective-stylus: 1.0.0
      detective-typescript: 6.0.0
      module-definition: 3.3.1
      node-source-walk: 4.2.0
    dev: false
    engines:
      node: ^10.13 || ^12 || >=14
    hasBin: true
    resolution:
      integrity: sha512-ayTxq+fdaoowk4HvdfBs7bChg4ToqdRxjZqy3611dppelGF8UHQZrLta3GolRLoHSJQtKfBGA35IvW8K3tRR7A==
  /prelude-ls/1.1.2:
    dev: false
    engines:
      node: '>= 0.8.0'
    resolution:
      integrity: sha1-IZMqVJ9eUv/ZqCf1cOBL5iqX2lQ=
  /printable-characters/1.0.42:
    dev: false
    resolution:
      integrity: sha1-Pxjpd6m9jrN/zE/1ZZ176Qhos9g=
  /punycode/1.4.1:
    dev: false
    resolution:
      integrity: sha1-wNWmOycYgArY4esPpSachN1BhF4=
  /range-parser/1.2.0:
    dev: false
    engines:
      node: '>= 0.6'
    resolution:
      integrity: sha1-9JvmtIeJTdxA3MlKMi9hEJLgDV4=
  /range-parser/1.2.1:
    dev: false
    engines:
      node: '>= 0.6'
    resolution:
      integrity: sha512-Hrgsx+orqoygnmhFbKaHE6c296J+HTAQXoxEF6gNupROmmGJRoyzfG3ccAveqCBrwr/2yxQ5BVd/GTl5agOwSg==
  /readdirp/3.5.0:
    dependencies:
      picomatch: 2.2.2
    dev: false
    engines:
      node: '>=8.10.0'
    resolution:
      integrity: sha512-cMhu7c/8rdhkHXWsY+osBhfSy0JikwpHK/5+imo+LpeasTF8ouErHrlYkwT0++njiyuDvc7OFY5T3ukvZ8qmFQ==
  /regexparam/1.3.0:
    dev: false
    engines:
      node: '>=6'
    resolution:
      integrity: sha512-6IQpFBv6e5vz1QAqI+V4k8P2e/3gRrqfCJ9FI+O1FLQTO+Uz6RXZEZOPmTJ6hlGj7gkERzY5BRCv09whKP96/g==
  /requirejs-config-file/4.0.0:
    dependencies:
      esprima: 4.0.1
      stringify-object: 3.3.0
    dev: false
    engines:
      node: '>=10.13.0'
    resolution:
      integrity: sha512-jnIre8cbWOyvr8a5F2KuqBnY+SDA4NXr/hzEZJG79Mxm2WiFQz2dzhC8ibtPJS7zkmBEl1mxSwp5HhC1W4qpxw==
  /requirejs/2.3.6:
    dev: false
    engines:
      node: '>=0.4.0'
    hasBin: true
    resolution:
      integrity: sha512-ipEzlWQe6RK3jkzikgCupiTbTvm4S0/CAU5GlgptkN5SO6F3u0UD0K18wy6ErDqiCyP4J4YYe1HuAShvsxePLg==
  /resolve-dependency-path/2.0.0:
    dev: false
    engines:
      node: '>=6.0.0'
    resolution:
      integrity: sha512-DIgu+0Dv+6v2XwRaNWnumKu7GPufBBOr5I1gRPJHkvghrfCGOooJODFvgFimX/KRxk9j0whD2MnKHzM1jYvk9w==
  /resolve/1.19.0:
    dependencies:
      is-core-module: 2.2.0
      path-parse: 1.0.6
    dev: false
    resolution:
      integrity: sha512-rArEXAgsBG4UgRGcynxWIWKFvh/XZCcS8UJdHhwy91zwAvCZIbcs+vAbflgBnNjYMs/i/i+/Ux6IZhML1yPvxg==
  /reusify/1.0.4:
    dev: false
    engines:
      iojs: '>=1.0.0'
      node: '>=0.10.0'
    resolution:
      integrity: sha512-U9nH88a3fc/ekCF1l0/UP1IosiuIjyTh7hBvXVMHYgVcfGvt897Xguj2UOLDeI5BG2m7/uwyaLVT6fbtCwTyzw==
  /run-parallel/1.1.10:
    dev: false
    resolution:
      integrity: sha512-zb/1OuZ6flOlH6tQyMPUrE3x3Ulxjlo9WIVXR4yVYi4H9UXQaeIsPbLn2R3O3vQCnDKkAl2qHiuocKKX4Tz/Sw==
  /sass-lookup/3.0.0:
    dependencies:
      commander: 2.20.3
    dev: false
    engines:
      node: '>=6.0.0'
    hasBin: true
    resolution:
      integrity: sha512-TTsus8CfFRn1N44bvdEai1no6PqdmDiQUiqW5DlpmtT+tYnIt1tXtDIph5KA1efC+LmioJXSnCtUVpcK9gaKIg==
  /semver/7.3.4:
    dependencies:
      lru-cache: 6.0.0
    dev: false
    engines:
      node: '>=10'
    hasBin: true
    resolution:
      integrity: sha512-tCfb2WLjqFAtXn4KEdxIhalnRtoKFN7nAwj0B3ZXCbQloV2tq5eDbcTmT68JJD3nRJq24/XgxtQKFIpQdtvmVw==
  /serve-handler/6.1.3:
    dependencies:
      bytes: 3.0.0
      content-disposition: 0.5.2
      fast-url-parser: 1.1.3
      mime-types: 2.1.18
      minimatch: 3.0.4
      path-is-inside: 1.0.2
      path-to-regexp: 2.2.1
      range-parser: 1.2.0
    dev: false
    resolution:
      integrity: sha512-FosMqFBNrLyeiIDvP1zgO6YoTzFYHxLDEIavhlmQ+knB2Z7l1t+kGLHkZIDN7UVWqQAmKI3D20A6F6jo3nDd4w==
  /sirv/1.0.10:
    dependencies:
      '@polka/url': 1.0.0-next.11
      mime: 2.5.0
      totalist: 1.1.0
    dev: false
    engines:
      node: '>= 10'
    resolution:
      integrity: sha512-H5EZCoZaggEUQy8ocKsF7WAToGuZhjJlLvM3XOef46CbdIgbNeQ1p32N1PCuCjkVYwrAVOSMacN6CXXgIzuspg==
  /slash/3.0.0:
    dev: false
    engines:
      node: '>=8'
    resolution:
      integrity: sha512-g9Q1haeby36OSStwb4ntCGGGaKsaVSjQ68fBxoQcutl5fS1vuY18H3wSt3jFyFtrkx+Kz0V1G85A4MyAdDMi2Q==
  /source-map-support/0.5.19:
    dependencies:
      buffer-from: 1.1.1
      source-map: 0.6.1
    dev: false
    resolution:
      integrity: sha512-Wonm7zOCIJzBGQdB+thsPar0kYuCIzYvxZwlBa87yi/Mdjv7Tip2cyVbLj5o0cFPN4EVkuTwb3GDDyUx2DGnGw==
  /source-map/0.6.1:
    dev: false
    engines:
      node: '>=0.10.0'
    resolution:
      integrity: sha512-UjgapumWlbMhkBgzT7Ykc5YXUT46F0iKu8SGXq0bcwP5dz/h0Plj6enJqjz1Zbq2l5WaqYnrVbwWOWMyF3F47g==
  /source-map/0.7.3:
    dev: false
    engines:
      node: '>= 8'
    resolution:
      integrity: sha512-CkCj6giN3S+n9qrYiBTX5gystlENnRW5jZeNLHpe6aue+SrHcG5VYwujhW9s4dY31mEGsxBDrHR6oI69fTXsaQ==
  /stringify-object/3.3.0:
    dependencies:
      get-own-enumerable-property-symbols: 3.0.2
      is-obj: 1.0.1
      is-regexp: 1.0.0
    dev: false
    engines:
      node: '>=4'
    resolution:
      integrity: sha512-rHqiFh1elqCQ9WPLIC8I0Q/g/wj5J1eMkyoiD6eoQApWHP0FtlK7rqnhmabL5VUY9JQCcqwwvlOaSuutekgyrw==
  /stylus-lookup/3.0.2:
    dependencies:
      commander: 2.20.3
      debug: 4.3.1
    dev: false
    engines:
      node: '>=6.0.0'
    hasBin: true
    resolution:
      integrity: sha512-oEQGHSjg/AMaWlKe7gqsnYzan8DLcGIHe0dUaFkucZZ14z4zjENRlQMCHT4FNsiWnJf17YN9OvrCfCoi7VvOyg==
  /tapable/2.2.0:
    dev: false
    engines:
      node: '>=6'
    resolution:
      integrity: sha512-FBk4IesMV1rBxX2tfiK8RAmogtWn53puLOQlvO8XuwlgxcYbP4mVPS9Ph4aeamSyyVjOl24aYWAuc8U5kCVwMw==
  /terser/5.5.1:
    dependencies:
      commander: 2.20.3
      source-map: 0.7.3
      source-map-support: 0.5.19
    dev: false
    engines:
      node: '>=10'
    hasBin: true
    resolution:
      integrity: sha512-6VGWZNVP2KTUcltUQJ25TtNjx/XgdDsBDKGt8nN0MpydU36LmbPPcMBd2kmtZNNGVVDLg44k7GKeHHj+4zPIBQ==
  /to-regex-range/5.0.1:
    dependencies:
      is-number: 7.0.0
    dev: false
    engines:
      node: '>=8.0'
    resolution:
      integrity: sha512-65P7iz6X5yEr1cwcgvQxbbIw7Uk3gOy5dIdtZ4rDveLqhrdJP+Li/Hx6tyK0NEb+2GCyneCMJiGqrADCSNk8sQ==
  /totalist/1.1.0:
    dev: false
    engines:
      node: '>=6'
    resolution:
      integrity: sha512-gduQwd1rOdDMGxFG1gEvhV88Oirdo2p+KjoYFU7k2g+i7n6AFFbDQ5kMPUsW0pNbfQsB/cwXvT1i4Bue0s9g5g==
  /tslib/1.14.1:
    dev: false
    resolution:
      integrity: sha512-Xni35NKzjgMrwevysHTCArtLDpPvye8zV/0E4EyYn43P7/7qvQwPh9BGkHewbMulVntbigmcT7rdX3BNo9wRJg==
  /tsutils/3.19.1_typescript@3.9.7:
    dependencies:
      tslib: 1.14.1
      typescript: 3.9.7
    dev: false
    engines:
      node: '>= 6'
    peerDependencies:
      typescript: '>=2.8.0 || >= 3.2.0-dev || >= 3.3.0-dev || >= 3.4.0-dev || >= 3.5.0-dev || >= 3.6.0-dev || >= 3.6.0-beta || >= 3.7.0-dev || >= 3.7.0-beta'
    resolution:
      integrity: sha512-GEdoBf5XI324lu7ycad7s6laADfnAqCw6wLGI+knxvw9vsIYBaJfYdmeCEG3FMMUiSm3OGgNb+m6utsWf5h9Vw==
  /type-check/0.3.2:
    dependencies:
      prelude-ls: 1.1.2
    dev: false
    engines:
      node: '>= 0.8.0'
    resolution:
      integrity: sha1-WITKtRLPHTVeP7eE8wgEsrUg23I=
  /typescript/3.9.7:
    dev: false
    engines:
      node: '>=4.2.0'
    hasBin: true
    resolution:
      integrity: sha512-BLbiRkiBzAwsjut4x/dsibSTB6yWpwT5qWmC2OfuCg3GgVQCSgMs4vEctYPhsaGtd0AeuuHMkjZ2h2WG8MSzRw==
  /uniq/1.0.1:
    dev: false
    resolution:
      integrity: sha1-sxxa6CVIRKOoKBVBzisEuGWnNP8=
  /word-wrap/1.2.3:
    dev: false
    engines:
      node: '>=0.10.0'
    resolution:
      integrity: sha512-Hz/mrNwitNRh/HUAtM/VT/5VH+ygD6DV7mYKZAtHOrbs8U7lvPS6xf7EJKMF0uW1KJCl0H701g3ZGus+muE5vQ==
  /wrappy/1.0.2:
    dev: false
    resolution:
      integrity: sha1-tSQ9jz7BqjXxNkYFvA0QNuMKtp8=
  /ws/7.4.2:
    dev: false
    engines:
      node: '>=8.3.0'
    peerDependencies:
      bufferutil: ^4.0.1
      utf-8-validate: ^5.0.2
    peerDependenciesMeta:
      bufferutil:
        optional: true
      utf-8-validate:
        optional: true
    resolution:
      integrity: sha512-T4tewALS3+qsrpGI/8dqNMLIVdq/g/85U98HPMa6F0m6xTbvhXU6RCQLqPH3+SlomNV/LdY6RXEbBpMH6EOJnA==
  /yallist/4.0.0:
    dev: false
    resolution:
      integrity: sha512-3wdGidZyq5PB084XLES5TpOSRA3wjXAlIWMhum2kRcv/41Sn2emQ0dycQW4uZXLejwKvg6EsvbdlVL+FYEct7A==
  github.com/paulmillr/chokidar/1d226cbfa50292e122043ceb3c1f4c34a5acd16e:
    dependencies:
      anymatch: 3.1.1
      braces: 3.0.2
      glob-parent: 5.1.1
      is-binary-path: 2.1.0
      is-glob: 4.0.1
      normalize-path: 3.0.0
      readdirp: 3.5.0
    dev: false
    engines:
      node: '>= 8.10.0'
    name: chokidar
    optionalDependencies:
      fsevents: 2.3.1
    resolution:
      tarball: https://codeload.github.com/paulmillr/chokidar/tar.gz/1d226cbfa50292e122043ceb3c1f4c34a5acd16e
    version: 3.5.1
specifiers:
  '@hyperlight/jsx': ^0.0.13
  hyperapp: ^2.0.9
  hyperlight: ^0.0.23
  hypermdx: link:../../
