lockfileVersion: 5.3

specifiers:
  '@hyperlight/jsx': ^0.0.18
  hyperapp: ^2.0.17
  hyperlight: ^0.0.31
  hypermdx: link:../../

dependencies:
  '@hyperlight/jsx': 0.0.18
  hyperapp: 2.0.17
  hyperlight: 0.0.31_hyperapp@2.0.17
  hypermdx: link:../..

packages:

  /@babel/parser/7.14.0:
    resolution: {integrity: sha512-AHbfoxesfBALg33idaTBVUkLnfXtsgvJREf93p4p0Lwsz4ppfE7g1tpEXVm4vrxUcH4DVhAa9Z1m1zqf9WUC7Q==}
    engines: {node: '>=6.0.0'}
    hasBin: true
    dev: false

  /@hyperlight/hyperapp-types/1.0.4:
    resolution: {integrity: sha512-L5VOAtbY8kCoFVevZvRJ1BzHj1SPhC3kY52TgcZQDD5kjQmvH4kowzhtrLb9SJZq5cA8uxNVXWBHXa99d1ED0A==}
    dependencies:
      hyperapp: 2.0.12
    dev: false

  /@hyperlight/jsx/0.0.18:
    resolution: {integrity: sha512-qYARspHJsVIKm1Mu3McgjfSfga878ikXxEny+0tMOIkf8lAv0I2ecnIV8xa66QTs6DfZDvx4TrLq3IkwB39Hqg==}
    engines: {node: '>=12.4'}
    dependencies:
      hyperapp: 2.0.17
    dev: false

  /@hyperlight/livereload/1.0.14:
    resolution: {integrity: sha512-WDtTiNvBJhICfYBAAsXOfSiK67Wi0ieOd25LdB8Nrgiuo0FBEvBCLlpP3/Aj5HP4jOyMFDzgQKk9TSEvkq0EfA==}
    engines: {node: '>=12.4'}
    dev: false

  /@nodelib/fs.scandir/2.1.4:
    resolution: {integrity: sha512-33g3pMJk3bg5nXbL/+CY6I2eJDzZAni49PfJnL5fghPTggPvBd/pFNSgJsdAgWptuFu7qq/ERvOYFlhvsLTCKA==}
    engines: {node: '>= 8'}
    dependencies:
      '@nodelib/fs.stat': 2.0.4
      run-parallel: 1.2.0
    dev: false

  /@nodelib/fs.stat/2.0.4:
    resolution: {integrity: sha512-IYlHJA0clt2+Vg7bccq+TzRdJvv19c2INqBSsoOLp1je7xjtr7J26+WXR72MCdvU9q1qTzIWDfhMf+DRvQJK4Q==}
    engines: {node: '>= 8'}
    dev: false

  /@nodelib/fs.walk/1.2.6:
    resolution: {integrity: sha512-8Broas6vTtW4GIXTAHDoE32hnN2M5ykgCpWGbuXHQ15vEMqr23pB76e/GZcYsZCHALv50ktd24qhEyKr6wBtow==}
    engines: {node: '>= 8'}
    dependencies:
      '@nodelib/fs.scandir': 2.1.4
      fastq: 1.11.0
    dev: false

  /@polka/url/1.0.0-next.12:
    resolution: {integrity: sha512-6RglhutqrGFMO1MNUXp95RBuYIuc8wTnMAV5MUhLmjTOy78ncwOw7RgeQ/HeymkKXRhZd0s2DNrM1rL7unk3MQ==}
    dev: false

  /@tinyhttp/accepts/1.1.1:
    resolution: {integrity: sha512-yRXb2DcDOehaJ0jsBnpFe6H0mT7ieAfqvgFZw/vlX8GZcEdI+mOdYcPYd/WTBeTA3blh+yMJlLG9O4C+lXmfkQ==}
    engines: {node: '>=12.4.0'}
    dependencies:
      es-mime-types: 0.0.16
      negotiator: 0.6.2
    dev: false

  /@tinyhttp/app/1.1.12:
    resolution: {integrity: sha512-5tQltmJ5Q/CebwvyCXMaxcyQsEv0ylMJPADjDA8YgKCtvdVMibL0PXdAka1KF5SBYMvkWe1eZPtRE9do9FtTjw==}
    engines: {node: '>=12.x'}
    dependencies:
      '@tinyhttp/cookie': 1.1.1
      '@tinyhttp/proxy-addr': 1.1.1
      '@tinyhttp/req': 1.1.2
      '@tinyhttp/res': 1.1.3
      '@tinyhttp/router': 1.1.2
      regexparam: 1.3.0
    dev: false

  /@tinyhttp/content-disposition/1.1.1:
    resolution: {integrity: sha512-V45nrgslhtV4p57Fxq4nfy0LNUDZkZmMy2QCQtYf1Ulp6vGwKPGAI5M0ruSAA1GjZFZkAegu3iRDzHmFva6YMQ==}
    engines: {node: '>=12.4.0'}
    dev: false

  /@tinyhttp/cookie-signature/1.1.1:
    resolution: {integrity: sha512-64y6H1luGufE2c1bOxND3HdrAvIx9q2vw630c0+dIOASeUe3c/ohtUENs+2ozaeWeiQ1ozeD3P0Z49zsN39nVw==}
    engines: {node: '>=12.4.0'}
    dev: false

  /@tinyhttp/cookie/1.1.1:
    resolution: {integrity: sha512-9Ab19H/7NsCQ+Lel5lVvgHbecrVvPoT6jkpIruHauVw9JjCKfL3U81YVCPcDJMGfvmTPFLzCfc0YduQaqpWEhg==}
    engines: {node: '>=12.4.0'}
    dev: false

  /@tinyhttp/encode-url/0.1.1:
    resolution: {integrity: sha512-0X5BXZxAc90Yapv7H2UYPpks219gSzjnw9sndWh6kdqgQx8vEZXiFQCDpuIvXihhN41058UTOyPa65RTHNEAYQ==}
    engines: {node: '>=12.4.0'}
    dev: false

  /@tinyhttp/etag/1.1.1:
    resolution: {integrity: sha512-TNWXC5lvtNrveronk+u+a+L1pCrfB+p4H+kRhjVrfhsxx5qqcVLHeWVroUNxpeHc33gheCHfbPUr4rrnHb3qgQ==}
    engines: {node: '>=12.4.0'}
    dev: false

  /@tinyhttp/etag/1.3.0:
    resolution: {integrity: sha512-aWnDb4NuMf/UTm1H88rZgqu32E6t3iDHSHtAppiQCH4M7jRfTUEpiZjz//S+giDnOxAuYttLrXQ1+HGpgzyYUQ==}
    engines: {node: '>=12.4.0'}
    dev: false

  /@tinyhttp/forwarded/1.3.0:
    resolution: {integrity: sha512-U2FPtOH+DoFtd98edMRyqiquRaiuEl5I2PMUWdKaBSpiAIR96buyanQ7hScenz1MihK0AVid7wLAviaJU+Xlyg==}
    engines: {node: '>=12.4.0'}
    dev: false

  /@tinyhttp/proxy-addr/1.1.1:
    resolution: {integrity: sha512-Q9om0j6W/HLN1A+0CzmfmIyHnY4j3+UUQj8pxNS6Zk8hNOe3ceyHYpo+uUx8zwslNm5xpmtUCh0ejbqyBovqFg==}
    engines: {node: '>=12.4.0'}
    dependencies:
      '@tinyhttp/forwarded': 1.3.0
      ipaddr.js: 2.0.0
    dev: false

  /@tinyhttp/req/1.1.2:
    resolution: {integrity: sha512-Ied9235C38KKySoVq6pyH4S9jznwI4cfcRMqaPhMmJCTpEWMlwHDmtaQj9ICtdiW5dIx/NaDhuywczFuc3nvlQ==}
    engines: {node: '>=12.4.0'}
    dependencies:
      '@tinyhttp/accepts': 1.1.1
      '@tinyhttp/type-is': 1.1.1
      '@tinyhttp/url': 1.1.2
      es-fresh: 0.0.8
      range-parser: 1.2.1
    dev: false

  /@tinyhttp/res/1.1.3:
    resolution: {integrity: sha512-gZo3JV6lgZw6sWI0wFcivwkL7HZAGz8mYrYjlUtfYnWHcVhxxunLRyy2psPvFHLhhKM+eMVPIiVVzIHM/784Lw==}
    engines: {node: '>=12.4.0'}
    dependencies:
      '@tinyhttp/content-disposition': 1.1.1
      '@tinyhttp/cookie': 1.1.1
      '@tinyhttp/cookie-signature': 1.1.1
      '@tinyhttp/encode-url': 0.1.1
      '@tinyhttp/req': 1.1.2
      '@tinyhttp/send': 1.1.1
      es-mime-types: 0.0.16
      es-vary: 0.0.8
      escape-html: 1.0.3
    dev: false

  /@tinyhttp/router/1.1.2:
    resolution: {integrity: sha512-dYQcTGTtJh98EEC6ypKB72Qc/85kKjCcbTTyBU5d1KT9CXoamu0+ZvZCz0uly4YsOzRd4M1axkypGCdbtbDlIw==}
    engines: {node: '>=12.4.0'}
    dev: false

  /@tinyhttp/send/1.1.1:
    resolution: {integrity: sha512-YOh8BeJFvA/y8F3a+Yvfaki04RqqWr7ftn6XQySUgfqAjHfOjhvQARDkOm9zxTukFnQhQw+aSUvwCRYLip1DOw==}
    engines: {node: '>=12.4.0'}
    dependencies:
      '@tinyhttp/etag': 1.1.1
      es-content-type: 0.0.10
      es-mime-types: 0.0.16
    dev: false

  /@tinyhttp/type-is/1.1.1:
    resolution: {integrity: sha512-hnfsLcHliJcO7vEZAfjG3TtUy9ZImq++QJkuLSj+Q63B+Z9sGjlUSPpiWVCGC5pliWCBTvYh/vGfp7TWyPfgew==}
    engines: {node: '>=12.4.0'}
    dependencies:
      es-content-type: 0.0.10
      es-mime-types: 0.0.16
    dev: false

  /@tinyhttp/url/1.1.2:
    resolution: {integrity: sha512-8nvXXzH1k5IR5IU8KbizFTJaOp9+GbrolKN+QFhfNgUjnlZNsSugaGaQE+9ZkrIeYelThr0t2aY8oA3ccPGR8w==}
    engines: {node: '>=12.4.0'}
    dependencies:
      regexparam: 1.3.0
    dev: false

  /@types/mime/1.3.2:
    resolution: {integrity: sha512-YATxVxgRqNH6nHEIsvg6k2Boc1JHI9ZbH5iWFFv/MTkchz3b1ieGDa5T0a9RznNdI0KhVbdbWSN+KWWrQZRxTw==}
    dev: false

  /@types/node-static/0.7.6:
    resolution: {integrity: sha512-7CefAPsr5J6rFtfVuXCuEUNoYcz61FQODNCC7X3dINFHA9k/PGy/odX9jE4WRMMB/GIWvwJZkrm6LucmOvnDJg==}
    dependencies:
      '@types/mime': 1.3.2
      '@types/node': 15.0.1
    dev: false

  /@types/node/15.0.1:
    resolution: {integrity: sha512-TMkXt0Ck1y0KKsGr9gJtWGjttxlZnnvDtphxUOSd0bfaR6Q1jle+sPvrzNR1urqYTWMinoKvjKfXUGsumaO1PA==}
    dev: false

  /@typescript-eslint/types/4.22.0:
    resolution: {integrity: sha512-sW/BiXmmyMqDPO2kpOhSy2Py5w6KvRRsKZnV0c4+0nr4GIcedJwXAq+RHNK4lLVEZAJYFltnnk1tJSlbeS9lYA==}
    engines: {node: ^8.10.0 || ^10.13.0 || >=11.10.1}
    dev: false

  /@typescript-eslint/typescript-estree/4.22.0_typescript@3.9.9:
    resolution: {integrity: sha512-TkIFeu5JEeSs5ze/4NID+PIcVjgoU3cUQUIZnH3Sb1cEn1lBo7StSV5bwPuJQuoxKXlzAObjYTilOEKRuhR5yg==}
    engines: {node: ^10.12.0 || >=12.0.0}
    peerDependencies:
      typescript: '*'
    peerDependenciesMeta:
      typescript:
        optional: true
    dependencies:
      '@typescript-eslint/types': 4.22.0
      '@typescript-eslint/visitor-keys': 4.22.0
      debug: 4.3.1
      globby: 11.0.3
      is-glob: 4.0.1
      semver: 7.3.5
      tsutils: 3.21.0_typescript@3.9.9
      typescript: 3.9.9
    transitivePeerDependencies:
      - supports-color
    dev: false

  /@typescript-eslint/visitor-keys/4.22.0:
    resolution: {integrity: sha512-nnMu4F+s4o0sll6cBSsTeVsT4cwxB7zECK3dFxzEjPBii9xLpq4yqqsy/FU5zMfan6G60DKZSCXAa3sHJZrcYw==}
    engines: {node: ^8.10.0 || ^10.13.0 || >=11.10.1}
    dependencies:
      '@typescript-eslint/types': 4.22.0
      eslint-visitor-keys: 2.0.0
    dev: false

  /anymatch/3.1.2:
    resolution: {integrity: sha512-P43ePfOAIupkguHUycrc4qJ9kz8ZiuOUijaETwX7THt0Y/GNK7v0aa8rY816xWjZ7rJdA5XdMcpVFTKMq+RvWg==}
    engines: {node: '>= 8'}
    dependencies:
      normalize-path: 3.0.0
      picomatch: 2.2.3
    dev: false

  /app-module-path/2.2.0:
    resolution: {integrity: sha1-ZBqlXft9am8KgUHEucCqULbCTdU=}
    dev: false

  /array-union/2.1.0:
    resolution: {integrity: sha512-HGyxoOTYUyCM6stUe6EJgnd4EoewAI7zMdfqO+kGjnlZmBDz/cR5pf8r/cR4Wq60sL/p0IkcjUEEPwS3GFrIyw==}
    engines: {node: '>=8'}
    dev: false

  /as-table/1.0.55:
    resolution: {integrity: sha512-xvsWESUJn0JN421Xb9MQw6AsMHRCUknCe0Wjlxvjud80mU4E6hQf1A6NzQKcYNmYw62MfzEtXc+badstZP3JpQ==}
    dependencies:
      printable-characters: 1.0.42
    dev: false

  /ast-module-types/2.7.1:
    resolution: {integrity: sha512-Rnnx/4Dus6fn7fTqdeLEAn5vUll5w7/vts0RN608yFa6si/rDOUonlIIiwugHBFWjylHjxm9owoSZn71KwG4gw==}
    dev: false

  /balanced-match/1.0.2:
    resolution: {integrity: sha512-3oSeUO0TMV67hN1AmbXsK4yaqU7tjiHlbxRDZOpH0KW9+CeX4bRAaX0Anxt0tx2MrpRpWwQaPwIlISEJhYU5Pw==}
    dev: false

  /binary-extensions/2.2.0:
    resolution: {integrity: sha512-jDctJ/IVQbZoJykoeHbhXpOlNBqGNcwXJKJog42E5HDPUwQTSdjCHdihjj0DlnheQ7blbT6dHOafNAiS8ooQKA==}
    engines: {node: '>=8'}
    dev: false

  /brace-expansion/1.1.11:
    resolution: {integrity: sha512-iCuPHDFgrHX7H2vEI/5xpz07zSHB00TpugqhmYtVmMO6518mCuRMoOYFldEBl0g187ufozdaHgWKcYFb61qGiA==}
    dependencies:
      balanced-match: 1.0.2
      concat-map: 0.0.1
    dev: false

  /braces/3.0.2:
    resolution: {integrity: sha512-b8um+L1RzM3WDSzvhm6gIz1yfTbBt6YTlcEKAvsmqCZZFw46z626lVj9j1yEPW33H5H+lBQpZMP1k8l+78Ha0A==}
    engines: {node: '>=8'}
    dependencies:
      fill-range: 7.0.1
    dev: false

  /buffer-from/1.1.1:
    resolution: {integrity: sha512-MQcXEUbCKtEo7bhqEs6560Hyd4XaovZlO/k9V3hjVUF/zwW7KBVdSK4gIt/bzwS9MbR5qob+F5jusZsb0YQK2A==}
    dev: false

  /builtin-modules/3.2.0:
    resolution: {integrity: sha512-lGzLKcioL90C7wMczpkY0n/oART3MbBa8R9OFGE1rJxoVI86u4WAGfEk8Wjv10eKSyTHVGkSo3bvBylCEtk7LA==}
    engines: {node: '>=6'}
    dev: false

  /cac/6.7.3:
    resolution: {integrity: sha512-ECVqVZh74qgSuZG9YOt2OJPI3wGcf+EwwuF/XIOYqZBD0KZYLtgPWqFPxmDPQ6joxI1nOlvVgRV6VT53Ooyocg==}
    engines: {node: '>=8'}
    dev: false

  /colorette/1.2.2:
    resolution: {integrity: sha512-MKGMzyfeuutC/ZJ1cba9NqcNpfeqMUcYmyF1ZFY6/Cn7CNSAKx6a+s48sqLqyAiZuaP2TcqMhoo+dlwFnVxT9w==}
    dev: false

  /commander/2.20.3:
    resolution: {integrity: sha512-GpVkmM8vF2vQUkj2LvZmD35JxeJOLCwJ9cUkugyk2nuhbv3+mJvpLYYt+0+USMxE+oj+ey/lJEnhZw75x/OMcQ==}
    dev: false

  /concat-map/0.0.1:
    resolution: {integrity: sha1-2Klr13/Wjfd5OnMDajug1UBdR3s=}
    dev: false

  /debug/4.3.1:
    resolution: {integrity: sha512-doEwdvm4PCeK4K3RQN2ZC2BYUBaxwLARCqZmMjtF8a51J2Rb0xpVloFRnCODwqjpwnAoao4pelN8l3RJdv3gRQ==}
    engines: {node: '>=6.0'}
    peerDependencies:
      supports-color: '*'
    peerDependenciesMeta:
      supports-color:
        optional: true
    dependencies:
      ms: 2.1.2
    dev: false

  /decomment/0.9.4:
    resolution: {integrity: sha512-8eNlhyI5cSU4UbBlrtagWpR03dqXcE5IR9zpe7PnO6UzReXDskucsD8usgrzUmQ6qJ3N82aws/p/mu/jqbURWw==}
    engines: {node: '>=6.4', npm: '>=2.15'}
    dependencies:
      esprima: 4.0.1
    dev: false

  /deep-is/0.1.3:
    resolution: {integrity: sha1-s2nW+128E+7PUk+RsHD+7cNXzzQ=}
    dev: false

  /dependency-tree/8.1.0:
    resolution: {integrity: sha512-YKFK+1KXJOqVpsW6MkrIl/DyiW+KVG25V8NfRs27ANe+oSeCkQx2ROW1mBpp1bcm++5zj3Xv8wyFxHgX6TbM1w==}
    engines: {node: ^10.13 || ^12 || >=14}
    hasBin: true
    dependencies:
      commander: 2.20.3
      debug: 4.3.1
      filing-cabinet: 3.0.0
      precinct: 7.1.0
      typescript: 3.9.9
    transitivePeerDependencies:
      - supports-color
    dev: false

  /detective-amd/3.1.0:
    resolution: {integrity: sha512-G7wGWT6f0VErjUkE2utCm7IUshT7nBh7aBBH2VBOiY9Dqy2DMens5iiOvYCuhstoIxRKLrnOvVAz4/EyPIAjnw==}
    engines: {node: '>= 6.0'}
    hasBin: true
    dependencies:
      ast-module-types: 2.7.1
      escodegen: 2.0.0
      get-amd-module-type: 3.0.0
      node-source-walk: 4.2.0
    dev: false

  /detective-cjs/3.1.1:
    resolution: {integrity: sha512-JQtNTBgFY6h8uT6pgph5QpV3IyxDv+z3qPk/FZRDT9TlFfm5dnRtpH39WtQEr1khqsUxVqXzKjZHpdoQvQbllg==}
    engines: {node: '>= 6.0'}
    dependencies:
      ast-module-types: 2.7.1
      node-source-walk: 4.2.0
    dev: false

  /detective-es6/2.2.0:
    resolution: {integrity: sha512-fSpNY0SLER7/sVgQZ1NxJPwmc9uCTzNgdkQDhAaj8NPYwr7Qji9QBcmbNvtMCnuuOGMuKn3O7jv0An+/WRWJZQ==}
    engines: {node: '>= 6.0'}
    dependencies:
      node-source-walk: 4.2.0
    dev: false

  /detective-less/1.0.2:
    resolution: {integrity: sha512-Rps1xDkEEBSq3kLdsdnHZL1x2S4NGDcbrjmd4q+PykK5aJwDdP5MBgrJw1Xo+kyUHuv3JEzPqxr+Dj9ryeDRTA==}
    engines: {node: '>= 6.0'}
    dependencies:
      debug: 4.3.1
      gonzales-pe: 4.3.0
      node-source-walk: 4.2.0
    transitivePeerDependencies:
      - supports-color
    dev: false

  /detective-postcss/4.0.0:
    resolution: {integrity: sha512-Fwc/g9VcrowODIAeKRWZfVA/EufxYL7XfuqJQFroBKGikKX83d2G7NFw6kDlSYGG3LNQIyVa+eWv1mqre+v4+A==}
    engines: {node: ^10 || ^12 || >=14}
    dependencies:
      debug: 4.3.1
      is-url: 1.2.4
      postcss: 8.2.13
      postcss-values-parser: 2.0.1
    transitivePeerDependencies:
      - supports-color
    dev: false

  /detective-sass/3.0.1:
    resolution: {integrity: sha512-oSbrBozRjJ+QFF4WJFbjPQKeakoaY1GiR380NPqwdbWYd5wfl5cLWv0l6LsJVqrgWfFN1bjFqSeo32Nxza8Lbw==}
    engines: {node: '>= 6.0'}
    dependencies:
      debug: 4.3.1
      gonzales-pe: 4.3.0
      node-source-walk: 4.2.0
    transitivePeerDependencies:
      - supports-color
    dev: false

  /detective-scss/2.0.1:
    resolution: {integrity: sha512-VveyXW4WQE04s05KlJ8K0bG34jtHQVgTc9InspqoQxvnelj/rdgSAy7i2DXAazyQNFKlWSWbS+Ro2DWKFOKTPQ==}
    engines: {node: '>= 6.0'}
    dependencies:
      debug: 4.3.1
      gonzales-pe: 4.3.0
      node-source-walk: 4.2.0
    transitivePeerDependencies:
      - supports-color
    dev: false

  /detective-stylus/1.0.0:
    resolution: {integrity: sha1-UK7n24uruZA4HwEMY/q7pbWOVM0=}
    dev: false

  /detective-typescript/6.0.0:
    resolution: {integrity: sha512-vTidcSDK3QostdbrH2Rwf9FhvrgJ4oIaVw5jbolgruTejexk6nNa9DShGpuS8CFVDb1IP86jct5BaZt1wSxpkA==}
    engines: {node: ^10.13 || >=12.0.0}
    dependencies:
      '@typescript-eslint/typescript-estree': 4.22.0_typescript@3.9.9
      ast-module-types: 2.7.1
      node-source-walk: 4.2.0
      typescript: 3.9.9
    transitivePeerDependencies:
      - supports-color
    dev: false

  /dir-glob/3.0.1:
    resolution: {integrity: sha512-WkrWp9GR4KXfKGYzOLmTuGVi1UWFfws377n9cc55/tb6DuqyF6pcQ5AbiHEshaDpY9v6oaSr2XCDidGmMwdzIA==}
    engines: {node: '>=8'}
    dependencies:
      path-type: 4.0.0
    dev: false

  /enhanced-resolve/5.8.0:
    resolution: {integrity: sha512-Sl3KRpJA8OpprrtaIswVki3cWPiPKxXuFxJXBp+zNb6s6VwNWwFRUdtmzd2ReUut8n+sCPx7QCtQ7w5wfJhSgQ==}
    engines: {node: '>=10.13.0'}
    dependencies:
      graceful-fs: 4.2.6
      tapable: 2.2.0
    dev: false

  /es-content-type/0.0.10:
    resolution: {integrity: sha512-yCgcv1M2IuFUoGZ3zE4OR2INGmZOwEuyaE5WX4MOKGpJcO8JXgVOIcXVicwnTqlxvx6qs9IJGl/Rr1+YtCkRgg==}
    engines: {node: '>=12.x'}
    dev: false

  /es-fresh/0.0.8:
    resolution: {integrity: sha512-ZM+K/T/zHJVuOhaz19iymidACazB1fl2uihBtSfRie8YzN1YM+KldVmNaU+GSmVvTOPSO2utKOhxcOinr5tKjw==}
    engines: {node: '>=12.x'}
    dev: false

  /es-mime-types/0.0.16:
    resolution: {integrity: sha512-84QoSLeA7cdTeHpALFNl3ZOstXfvLt426/kaOgmSxmNUOhi4GesKVkhJgIfnsqGNziYezVA8rvZUsXj7oWX2qQ==}
    engines: {node: '>=12.x'}
    dependencies:
      mime-db: 1.47.0
    dev: false

  /es-vary/0.0.8:
    resolution: {integrity: sha512-fiERjQiCHrXUAToNRT/sh7MtXnfei9n7cF9oVQRUEp9L5BGXsTKSPaXq8L+4v0c/ezfvuTWd/f0JSl5IBRUvSg==}
    engines: {node: '>=12.x'}
    dev: false

  /esbuild/0.8.57:
    resolution: {integrity: sha512-j02SFrUwFTRUqiY0Kjplwjm1psuzO1d6AjaXKuOR9hrY0HuPsT6sV42B6myW34h1q4CRy+Y3g4RU/cGJeI/nNA==}
    hasBin: true
    requiresBuild: true
    dev: false

  /escape-html/1.0.3:
    resolution: {integrity: sha1-Aljq5NPQwJdN4cFpGI7wBR0dGYg=}
    dev: false

  /escodegen/2.0.0:
    resolution: {integrity: sha512-mmHKys/C8BFUGI+MAWNcSYoORYLMdPzjrknd2Vc+bUsjN5bXcr8EhrNB+UTqfL1y3I9c4fw2ihgtMPQLBRiQxw==}
    engines: {node: '>=6.0'}
    hasBin: true
    dependencies:
      esprima: 4.0.1
      estraverse: 5.2.0
      esutils: 2.0.3
      optionator: 0.8.3
    optionalDependencies:
      source-map: 0.6.1
    dev: false

  /eslint-visitor-keys/2.0.0:
    resolution: {integrity: sha512-QudtT6av5WXels9WjIM7qz1XD1cWGvX4gGXvp/zBn9nXG02D0utdU3Em2m/QjTnrsk6bBjmCygl3rmj118msQQ==}
    engines: {node: '>=10'}
    dev: false

  /esprima/4.0.1:
    resolution: {integrity: sha512-eGuFFw7Upda+g4p+QHvnW0RyTX/SVeJBDM/gCtMARO0cLuT2HcEKnTPvhjV6aGeqrCB/sbNop0Kszm0jsaWU4A==}
    engines: {node: '>=4'}
    hasBin: true
    dev: false

  /estraverse/5.2.0:
    resolution: {integrity: sha512-BxbNGGNm0RyRYvUdHpIwv9IWzeM9XClbOxwoATuFdOE7ZE6wHL+HQ5T8hoPM+zHvmKzzsEqhgy0GrQ5X13afiQ==}
    engines: {node: '>=4.0'}
    dev: false

  /esutils/2.0.3:
    resolution: {integrity: sha512-kVscqXk4OCp68SZ0dkgEKVi6/8ij300KBWTJq32P/dYeWTSwK41WyTxalN1eRmA5Z9UU/LX9D7FWSmV9SAYx6g==}
    engines: {node: '>=0.10.0'}
    dev: false

  /fast-glob/3.2.5:
    resolution: {integrity: sha512-2DtFcgT68wiTTiwZ2hNdJfcHNke9XOfnwmBRWXhmeKM8rF0TGwmC/Qto3S7RoZKp5cilZbxzO5iTNTQsJ+EeDg==}
    engines: {node: '>=8'}
    dependencies:
      '@nodelib/fs.stat': 2.0.4
      '@nodelib/fs.walk': 1.2.6
      glob-parent: 5.1.2
      merge2: 1.4.1
      micromatch: 4.0.4
      picomatch: 2.2.3
    dev: false

  /fast-levenshtein/2.0.6:
    resolution: {integrity: sha1-PYpcZog6FqMMqGQ+hR8Zuqd5eRc=}
    dev: false

  /fastq/1.11.0:
    resolution: {integrity: sha512-7Eczs8gIPDrVzT+EksYBcupqMyxSHXXrHOLRRxU2/DicV8789MRBRR8+Hc2uWzUupOs4YS4JzBmBxjjCVBxD/g==}
    dependencies:
      reusify: 1.0.4
    dev: false

  /filing-cabinet/3.0.0:
    resolution: {integrity: sha512-o8Qac5qxZ1uVidR4Sd7ZQbbqObFZlqXU4xu1suAYg9PQPcQFNTzOmxQa/MehIDMgIvXHTb42mWPNV9l3eHBPSw==}
    engines: {node: '>=10.13.0'}
    hasBin: true
    dependencies:
      app-module-path: 2.2.0
      commander: 2.20.3
      debug: 4.3.1
      decomment: 0.9.4
      enhanced-resolve: 5.8.0
      is-relative-path: 1.0.2
      module-definition: 3.3.1
      module-lookup-amd: 7.0.1
      resolve: 1.20.0
      resolve-dependency-path: 2.0.0
      sass-lookup: 3.0.0
      stylus-lookup: 3.0.2
      typescript: 3.9.9
    transitivePeerDependencies:
      - supports-color
    dev: false

  /fill-range/7.0.1:
    resolution: {integrity: sha512-qOo9F+dMUmC2Lcb4BbVvnKJxTPjCm+RRpe4gDuGrzkL7mEVl/djYSu2OdQ2Pa302N4oqkSg9ir6jaLWJ2USVpQ==}
    engines: {node: '>=8'}
    dependencies:
      to-regex-range: 5.0.1
    dev: false

  /flatten/1.0.3:
    resolution: {integrity: sha512-dVsPA/UwQ8+2uoFe5GHtiBMu48dWLTdsuEd7CKGlZlD78r1TTWBvDuFaFGKCo/ZfEr95Uk56vZoX86OsHkUeIg==}
    dev: false

  /fs.realpath/1.0.0:
    resolution: {integrity: sha1-FQStJSMVjKpA20onh8sBQRmU6k8=}
    dev: false

  /fsevents/2.3.2:
    resolution: {integrity: sha512-xiqMQR4xAeHTuB9uWm+fFRcIOgKBMiOBP+eXiyT7jsgVCq1bkVygt00oASowB7EdtpOHaaPgKt812P9ab+DDKA==}
    engines: {node: ^8.16.0 || ^10.6.0 || >=11.0.0}
    os: [darwin]
    dev: false
    optional: true

  /function-bind/1.1.1:
    resolution: {integrity: sha512-yIovAzMX49sF8Yl58fSCWJ5svSLuaibPxXQJFLmBObTuCr0Mf1KiPopGM9NiFjiYBCbfaa2Fh6breQ6ANVTI0A==}
    dev: false

  /get-amd-module-type/3.0.0:
    resolution: {integrity: sha512-99Q7COuACPfVt18zH9N4VAMyb81S6TUgJm2NgV6ERtkh9VIkAaByZkW530wl3lLN5KTtSrK9jVLxYsoP5hQKsw==}
    engines: {node: '>=6.0'}
    dependencies:
      ast-module-types: 2.7.1
      node-source-walk: 4.2.0
    dev: false

  /get-own-enumerable-property-symbols/3.0.2:
    resolution: {integrity: sha512-I0UBV/XOz1XkIJHEUDMZAbzCThU/H8DxmSfmdGcKPnVhu2VfFqr34jr9777IyaTYvxjedWhqVIilEDsCdP5G6g==}
    dev: false

  /glob-parent/5.1.2:
    resolution: {integrity: sha512-AOIgSQCepiJYwP3ARnGx+5VnTu2HBYdzbGP45eLw1vr3zB3vZLeyed1sC9hnbcOc9/SrMyM5RPQrkGz4aS9Zow==}
    engines: {node: '>= 6'}
    dependencies:
      is-glob: 4.0.1
    dev: false

  /glob/7.1.6:
    resolution: {integrity: sha512-LwaxwyZ72Lk7vZINtNNrywX0ZuLyStrdDtabefZKAY5ZGJhVtgdznluResxNmPitE0SAO+O26sWTHeKSI2wMBA==}
    dependencies:
      fs.realpath: 1.0.0
      inflight: 1.0.6
      inherits: 2.0.4
      minimatch: 3.0.4
      once: 1.4.0
      path-is-absolute: 1.0.1
    dev: false

  /globby/11.0.3:
    resolution: {integrity: sha512-ffdmosjA807y7+lA1NM0jELARVmYul/715xiILEjo3hBLPTcirgQNnXECn5g3mtR8TOLCVbkfua1Hpen25/Xcg==}
    engines: {node: '>=10'}
    dependencies:
      array-union: 2.1.0
      dir-glob: 3.0.1
      fast-glob: 3.2.5
      ignore: 5.1.8
      merge2: 1.4.1
      slash: 3.0.0
    dev: false

  /gonzales-pe/4.3.0:
    resolution: {integrity: sha512-otgSPpUmdWJ43VXyiNgEYE4luzHCL2pz4wQ0OnDluC6Eg4Ko3Vexy/SrSynglw/eR+OhkzmqFCZa/OFa/RgAOQ==}
    engines: {node: '>=0.6.0'}
    hasBin: true
    dependencies:
      minimist: 1.2.5
    dev: false

  /graceful-fs/4.2.6:
    resolution: {integrity: sha512-nTnJ528pbqxYanhpDYsi4Rd8MAeaBA67+RZ10CM1m3bTAVFEDcd5AuA4a6W5YkGZ1iNXHzZz8T6TBKLeBuNriQ==}
    dev: false

  /has/1.0.3:
    resolution: {integrity: sha512-f2dvO0VU6Oej7RkWJGrehjbzMAjFp5/VKPp5tTpWIV4JHHZK1/BxbFRtf/siA2SWTe09caDmVtYYzWEIbBS4zw==}
    engines: {node: '>= 0.4.0'}
    dependencies:
      function-bind: 1.1.1
    dev: false

  /hyperapp-render/4.0.0:
    resolution: {integrity: sha512-CqAay4MjB6E1OBPB8uU5zLkQ1LLvXmXLbZ8Ldh5y20S1sDLrETXxhYHuaRQPOB4wpg3mUBMmD2svUtI3pjuHeA==}
    dependencies:
      '@types/node': 15.0.1
    dev: false

  /hyperapp/2.0.12:
    resolution: {integrity: sha512-kDwTunVPE9Lw8HIt7K4vNwEz2xBKhRUBYh4fiXUcZPtFEP6Pfe41bsNbbIO9a5NbI2IeTOwfPrQpTQxQC493MA==}
    dev: false

  /hyperapp/2.0.17:
    resolution: {integrity: sha512-g/II/k1uXkAXK7Hs9cqP9KvcOa2Wo+PDrUQ59Buj8sLcs3LsDDYfwJTvxQ2G3Cb+iqdL6AWXLQGAH0vwsHHhUQ==}
    dev: false

  /hyperlight/0.0.31_hyperapp@2.0.17:
    resolution: {integrity: sha512-BDOaJWIzKbcpE+orDi/39NzFJ2EdjJcvjPN95NFjTDjTN7VAPF1wtHUL4Ty9H/15DSF9EnAJF2AY7NfgQZbJNg==}
    engines: {node: '>=12.4'}
    hasBin: true
    peerDependencies:
      hyperapp: ^2.0.12
    dependencies:
      '@hyperlight/hyperapp-types': 1.0.4
      '@hyperlight/livereload': 1.0.14
      '@tinyhttp/app': 1.1.12
      '@tinyhttp/etag': 1.3.0
      '@types/node-static': 0.7.6
      as-table: 1.0.55
      builtin-modules: 3.2.0
      cac: 6.7.3
      chokidar: github.com/paulmillr/chokidar/3573e94867c22d973389444f75681f2fb2f65a08
      colorette: 1.2.2
      dependency-tree: 8.1.0
      esbuild: 0.8.57
      hyperapp: 2.0.17
      hyperapp-render: 4.0.0
      readdirp: 3.6.0
      sirv: 1.0.11
      terser: 5.7.0
      ws: 7.4.5
    transitivePeerDependencies:
      - bufferutil
      - supports-color
      - utf-8-validate
    dev: false

  /ignore/5.1.8:
    resolution: {integrity: sha512-BMpfD7PpiETpBl/A6S498BaIJ6Y/ABT93ETbby2fP00v4EbvPBXWEoaR1UBPKs3iR53pJY7EtZk5KACI57i1Uw==}
    engines: {node: '>= 4'}
    dev: false

  /indexes-of/1.0.1:
    resolution: {integrity: sha1-8w9xbI4r00bHtn0985FVZqfAVgc=}
    dev: false

  /inflight/1.0.6:
    resolution: {integrity: sha1-Sb1jMdfQLQwJvJEKEHW6gWW1bfk=}
    dependencies:
      once: 1.4.0
      wrappy: 1.0.2
    dev: false

  /inherits/2.0.4:
    resolution: {integrity: sha512-k/vGaX4/Yla3WzyMCvTQOXYeIHvqOKtnqBduzTHpzpQZzAskKMhZ2K+EnBiSM9zGSoIFeMpXKxa4dYeZIQqewQ==}
    dev: false

  /ipaddr.js/2.0.0:
    resolution: {integrity: sha512-S54H9mIj0rbxRIyrDMEuuER86LdlgUg9FSeZ8duQb6CUG2iRrA36MYVQBSprTF/ZeAwvyQ5mDGuNvIPM0BIl3w==}
    engines: {node: '>= 10'}
    dev: false

  /is-binary-path/2.1.0:
    resolution: {integrity: sha512-ZMERYes6pDydyuGidse7OsHxtbI7WVeUEozgR/g7rd0xUimYNlvZRE/K2MgZTjWy725IfelLeVcEM97mmtRGXw==}
    engines: {node: '>=8'}
    dependencies:
      binary-extensions: 2.2.0
    dev: false

  /is-core-module/2.3.0:
    resolution: {integrity: sha512-xSphU2KG9867tsYdLD4RWQ1VqdFl4HTO9Thf3I/3dLEfr0dbPTWKsuCKrgqMljg4nPE+Gq0VCnzT3gr0CyBmsw==}
    dependencies:
      has: 1.0.3
    dev: false

  /is-extglob/2.1.1:
    resolution: {integrity: sha1-qIwCU1eR8C7TfHahueqXc8gz+MI=}
    engines: {node: '>=0.10.0'}
    dev: false

  /is-glob/4.0.1:
    resolution: {integrity: sha512-5G0tKtBTFImOqDnLB2hG6Bp2qcKEFduo4tZu9MT/H6NQv/ghhy30o55ufafxJ/LdH79LLs2Kfrn85TLKyA7BUg==}
    engines: {node: '>=0.10.0'}
    dependencies:
      is-extglob: 2.1.1
    dev: false

  /is-number/7.0.0:
    resolution: {integrity: sha512-41Cifkg6e8TylSpdtTpeLVMqvSBEVzTttHvERD741+pnZ8ANv0004MRL43QKPDlK9cGvNp6NZWZUBlbGXYxxng==}
    engines: {node: '>=0.12.0'}
    dev: false

  /is-obj/1.0.1:
    resolution: {integrity: sha1-PkcprB9f3gJc19g6iW2rn09n2w8=}
    engines: {node: '>=0.10.0'}
    dev: false

  /is-regexp/1.0.0:
    resolution: {integrity: sha1-/S2INUXEa6xaYz57mgnof6LLUGk=}
    engines: {node: '>=0.10.0'}
    dev: false

  /is-relative-path/1.0.2:
    resolution: {integrity: sha1-CRtGoNZ8HtD+hfH4z93gBrslHUY=}
    dev: false

  /is-url/1.2.4:
    resolution: {integrity: sha512-ITvGim8FhRiYe4IQ5uHSkj7pVaPDrCTkNd3yq3cV7iZAcJdHTUMPMEHcqSOy9xZ9qFenQCvi+2wjH9a1nXqHww==}
    dev: false

  /levn/0.3.0:
    resolution: {integrity: sha1-OwmSTt+fCDwEkP3UwLxEIeBHZO4=}
    engines: {node: '>= 0.8.0'}
    dependencies:
      prelude-ls: 1.1.2
      type-check: 0.3.2
    dev: false

  /lru-cache/6.0.0:
    resolution: {integrity: sha512-Jo6dJ04CmSjuznwJSS3pUeWmd/H0ffTlkXXgwZi+eq1UCmqQwCh+eLsYOYCwY991i2Fah4h1BEMCx4qThGbsiA==}
    engines: {node: '>=10'}
    dependencies:
      yallist: 4.0.0
    dev: false

  /merge2/1.4.1:
    resolution: {integrity: sha512-8q7VEgMJW4J8tcfVPy8g09NcQwZdbwFEqhe/WZkoIzjn/3TGDwtOCYtXGxA3O8tPzpczCCDgv+P2P5y00ZJOOg==}
    engines: {node: '>= 8'}
    dev: false

  /micromatch/4.0.4:
    resolution: {integrity: sha512-pRmzw/XUcwXGpD9aI9q/0XOwLNygjETJ8y0ao0wdqprrzDa4YnxLcz7fQRZr8voh8V10kGhABbNcHVk5wHgWwg==}
    engines: {node: '>=8.6'}
    dependencies:
      braces: 3.0.2
      picomatch: 2.2.3
    dev: false

  /mime-db/1.47.0:
    resolution: {integrity: sha512-QBmA/G2y+IfeS4oktet3qRZ+P5kPhCKRXxXnQEudYqUaEioAU1/Lq2us3D/t1Jfo4hE9REQPrbB7K5sOczJVIw==}
    engines: {node: '>= 0.6'}
    dev: false

  /mime/2.5.2:
    resolution: {integrity: sha512-tqkh47FzKeCPD2PUiPB6pkbMzsCasjxAfC62/Wap5qrUWcb+sFasXUC5I3gYM5iBM8v/Qpn4UK0x+j0iHyFPDg==}
    engines: {node: '>=4.0.0'}
    hasBin: true
    dev: false

  /minimatch/3.0.4:
    resolution: {integrity: sha512-yJHVQEhyqPLUTgt9B83PXu6W3rx4MvvHvSUvToogpwoGDOUQ+yDrR0HRot+yOCdCO7u4hX3pWft6kWBBcqh0UA==}
    dependencies:
      brace-expansion: 1.1.11
    dev: false

  /minimist/1.2.5:
    resolution: {integrity: sha512-FM9nNUYrRBAELZQT3xeZQ7fmMOBg6nWNmJKTcgsJeaLstP/UODVpGsr5OhXhhXg6f+qtJ8uiZ+PUxkDWcgIXLw==}
    dev: false

  /module-definition/3.3.1:
    resolution: {integrity: sha512-kLidGPwQ2yq484nSD+D3JoJp4Etc0Ox9P0L34Pu/cU4X4HcG7k7p62XI5BBuvURWMRX3RPyuhOcBHbKus+UH4A==}
    engines: {node: '>=6.0'}
    hasBin: true
    dependencies:
      ast-module-types: 2.7.1
      node-source-walk: 4.2.0
    dev: false

  /module-lookup-amd/7.0.1:
    resolution: {integrity: sha512-w9mCNlj0S8qviuHzpakaLVc+/7q50jl9a/kmJ/n8bmXQZgDPkQHnPBb8MUOYh3WpAYkXuNc2c+khsozhIp/amQ==}
    engines: {node: '>=10.13.0'}
    hasBin: true
    dependencies:
      commander: 2.20.3
      debug: 4.3.1
      glob: 7.1.6
      requirejs: 2.3.6
      requirejs-config-file: 4.0.0
    transitivePeerDependencies:
      - supports-color
    dev: false

  /ms/2.1.2:
    resolution: {integrity: sha512-sGkPx+VjMtmA6MX27oA4FBFELFCZZ4S4XqeGOXCv68tT+jb3vk/RyaKWP0PTKyWtmLSM0b+adUTEvbs1PEaH2w==}
    dev: false

  /nanoid/3.1.22:
    resolution: {integrity: sha512-/2ZUaJX2ANuLtTvqTlgqBQNJoQO398KyJgZloL0PZkC0dpysjncRUPsFe3DUPzz/y3h+u7C46np8RMuvF3jsSQ==}
    engines: {node: ^10 || ^12 || ^13.7 || ^14 || >=15.0.1}
    hasBin: true
    dev: false

  /negotiator/0.6.2:
    resolution: {integrity: sha512-hZXc7K2e+PgeI1eDBe/10Ard4ekbfrrqG8Ep+8Jmf4JID2bNg7NvCPOZN+kfF574pFQI7mum2AUqDidoKqcTOw==}
    engines: {node: '>= 0.6'}
    dev: false

  /node-source-walk/4.2.0:
    resolution: {integrity: sha512-hPs/QMe6zS94f5+jG3kk9E7TNm4P2SulrKiLWMzKszBfNZvL/V6wseHlTd7IvfW0NZWqPtK3+9yYNr+3USGteA==}
    engines: {node: '>=6.0'}
    dependencies:
      '@babel/parser': 7.14.0
    dev: false

  /normalize-path/3.0.0:
    resolution: {integrity: sha512-6eZs5Ls3WtCisHWp9S2GUy8dqkpGi4BVSz3GaqiE6ezub0512ESztXUwUB6C6IKbQkY2Pnb/mD4WYojCRwcwLA==}
    engines: {node: '>=0.10.0'}
    dev: false

  /once/1.4.0:
    resolution: {integrity: sha1-WDsap3WWHUsROsF9nFC6753Xa9E=}
    dependencies:
      wrappy: 1.0.2
    dev: false

  /optionator/0.8.3:
    resolution: {integrity: sha512-+IW9pACdk3XWmmTXG8m3upGUJst5XRGzxMRjXzAuJ1XnIFNvfhjjIuYkDvysnPQ7qzqVzLt78BCruntqRhWQbA==}
    engines: {node: '>= 0.8.0'}
    dependencies:
      deep-is: 0.1.3
      fast-levenshtein: 2.0.6
      levn: 0.3.0
      prelude-ls: 1.1.2
      type-check: 0.3.2
      word-wrap: 1.2.3
    dev: false

  /path-is-absolute/1.0.1:
    resolution: {integrity: sha1-F0uSaHNVNP+8es5r9TpanhtcX18=}
    engines: {node: '>=0.10.0'}
    dev: false

  /path-parse/1.0.6:
    resolution: {integrity: sha512-GSmOT2EbHrINBf9SR7CDELwlJ8AENk3Qn7OikK4nFYAu3Ote2+JYNVvkpAEQm3/TLNEJFD/xZJjzyxg3KBWOzw==}
    dev: false

  /path-type/4.0.0:
    resolution: {integrity: sha512-gDKb8aZMDeD/tZWs9P6+q0J9Mwkdl6xMV8TjnGP3qJVJ06bdMgkbBlLU8IdfOsIsFz2BW1rNVT3XuNEl8zPAvw==}
    engines: {node: '>=8'}
    dev: false

  /picomatch/2.2.3:
    resolution: {integrity: sha512-KpELjfwcCDUb9PeigTs2mBJzXUPzAuP2oPcA989He8Rte0+YUAjw1JVedDhuTKPkHjSYzMN3npC9luThGYEKdg==}
    engines: {node: '>=8.6'}
    dev: false

  /postcss-values-parser/2.0.1:
    resolution: {integrity: sha512-2tLuBsA6P4rYTNKCXYG/71C7j1pU6pK503suYOmn4xYrQIzW+opD+7FAFNuGSdZC/3Qfy334QbeMu7MEb8gOxg==}
    engines: {node: '>=6.14.4'}
    dependencies:
      flatten: 1.0.3
      indexes-of: 1.0.1
      uniq: 1.0.1
    dev: false

  /postcss/8.2.13:
    resolution: {integrity: sha512-FCE5xLH+hjbzRdpbRb1IMCvPv9yZx2QnDarBEYSN0N0HYk+TcXsEhwdFcFb+SRWOKzKGErhIEbBK2ogyLdTtfQ==}
    engines: {node: ^10 || ^12 || >=14}
    dependencies:
      colorette: 1.2.2
      nanoid: 3.1.22
      source-map: 0.6.1
    dev: false

  /precinct/7.1.0:
    resolution: {integrity: sha512-I1RkW5PX51/q6Xl39//D7x9NgaKNGHpR5DCNaoxP/b2+KbzzXDNhauJUMV17KSYkJA41CSpwYUPRtRoNxbshWA==}
    engines: {node: ^10.13 || ^12 || >=14}
    hasBin: true
    dependencies:
      commander: 2.20.3
      debug: 4.3.1
      detective-amd: 3.1.0
      detective-cjs: 3.1.1
      detective-es6: 2.2.0
      detective-less: 1.0.2
      detective-postcss: 4.0.0
      detective-sass: 3.0.1
      detective-scss: 2.0.1
      detective-stylus: 1.0.0
      detective-typescript: 6.0.0
      module-definition: 3.3.1
      node-source-walk: 4.2.0
    transitivePeerDependencies:
      - supports-color
    dev: false

  /prelude-ls/1.1.2:
    resolution: {integrity: sha1-IZMqVJ9eUv/ZqCf1cOBL5iqX2lQ=}
    engines: {node: '>= 0.8.0'}
    dev: false

  /printable-characters/1.0.42:
    resolution: {integrity: sha1-Pxjpd6m9jrN/zE/1ZZ176Qhos9g=}
    dev: false

  /queue-microtask/1.2.3:
    resolution: {integrity: sha512-NuaNSa6flKT5JaSYQzJok04JzTL1CA6aGhv5rfLW3PgqA+M2ChpZQnAC8h8i4ZFkBS8X5RqkDBHA7r4hej3K9A==}
    dev: false

  /range-parser/1.2.1:
    resolution: {integrity: sha512-Hrgsx+orqoygnmhFbKaHE6c296J+HTAQXoxEF6gNupROmmGJRoyzfG3ccAveqCBrwr/2yxQ5BVd/GTl5agOwSg==}
    engines: {node: '>= 0.6'}
    dev: false

  /readdirp/3.6.0:
    resolution: {integrity: sha512-hOS089on8RduqdbhvQ5Z37A0ESjsqz6qnRcffsMU3495FuTdqSm+7bhJ29JvIOsBDEEnan5DPu9t3To9VRlMzA==}
    engines: {node: '>=8.10.0'}
    dependencies:
      picomatch: 2.2.3
    dev: false

  /regexparam/1.3.0:
    resolution: {integrity: sha512-6IQpFBv6e5vz1QAqI+V4k8P2e/3gRrqfCJ9FI+O1FLQTO+Uz6RXZEZOPmTJ6hlGj7gkERzY5BRCv09whKP96/g==}
    engines: {node: '>=6'}
    dev: false

  /requirejs-config-file/4.0.0:
    resolution: {integrity: sha512-jnIre8cbWOyvr8a5F2KuqBnY+SDA4NXr/hzEZJG79Mxm2WiFQz2dzhC8ibtPJS7zkmBEl1mxSwp5HhC1W4qpxw==}
    engines: {node: '>=10.13.0'}
    dependencies:
      esprima: 4.0.1
      stringify-object: 3.3.0
    dev: false

  /requirejs/2.3.6:
    resolution: {integrity: sha512-ipEzlWQe6RK3jkzikgCupiTbTvm4S0/CAU5GlgptkN5SO6F3u0UD0K18wy6ErDqiCyP4J4YYe1HuAShvsxePLg==}
    engines: {node: '>=0.4.0'}
    hasBin: true
    dev: false

  /resolve-dependency-path/2.0.0:
    resolution: {integrity: sha512-DIgu+0Dv+6v2XwRaNWnumKu7GPufBBOr5I1gRPJHkvghrfCGOooJODFvgFimX/KRxk9j0whD2MnKHzM1jYvk9w==}
    engines: {node: '>=6.0.0'}
    dev: false

  /resolve/1.20.0:
    resolution: {integrity: sha512-wENBPt4ySzg4ybFQW2TT1zMQucPK95HSh/nq2CFTZVOGut2+pQvSsgtda4d26YrYcr067wjbmzOG8byDPBX63A==}
    dependencies:
      is-core-module: 2.3.0
      path-parse: 1.0.6
    dev: false

  /reusify/1.0.4:
    resolution: {integrity: sha512-U9nH88a3fc/ekCF1l0/UP1IosiuIjyTh7hBvXVMHYgVcfGvt897Xguj2UOLDeI5BG2m7/uwyaLVT6fbtCwTyzw==}
    engines: {iojs: '>=1.0.0', node: '>=0.10.0'}
    dev: false

  /run-parallel/1.2.0:
    resolution: {integrity: sha512-5l4VyZR86LZ/lDxZTR6jqL8AFE2S0IFLMP26AbjsLVADxHdhB/c0GUsH+y39UfCi3dzz8OlQuPmnaJOMoDHQBA==}
    dependencies:
      queue-microtask: 1.2.3
    dev: false

  /sass-lookup/3.0.0:
    resolution: {integrity: sha512-TTsus8CfFRn1N44bvdEai1no6PqdmDiQUiqW5DlpmtT+tYnIt1tXtDIph5KA1efC+LmioJXSnCtUVpcK9gaKIg==}
    engines: {node: '>=6.0.0'}
    hasBin: true
    dependencies:
      commander: 2.20.3
    dev: false

  /semver/7.3.5:
    resolution: {integrity: sha512-PoeGJYh8HK4BTO/a9Tf6ZG3veo/A7ZVsYrSA6J8ny9nb3B1VrpkuN+z9OE5wfE5p6H4LchYZsegiQgbJD94ZFQ==}
    engines: {node: '>=10'}
    hasBin: true
    dependencies:
      lru-cache: 6.0.0
    dev: false

  /sirv/1.0.11:
    resolution: {integrity: sha512-SR36i3/LSWja7AJNRBz4fF/Xjpn7lQFI30tZ434dIy+bitLYSP+ZEenHg36i23V2SGEz+kqjksg0uOGZ5LPiqg==}
    engines: {node: '>= 10'}
    dependencies:
      '@polka/url': 1.0.0-next.12
      mime: 2.5.2
      totalist: 1.1.0
    dev: false

  /slash/3.0.0:
    resolution: {integrity: sha512-g9Q1haeby36OSStwb4ntCGGGaKsaVSjQ68fBxoQcutl5fS1vuY18H3wSt3jFyFtrkx+Kz0V1G85A4MyAdDMi2Q==}
    engines: {node: '>=8'}
    dev: false

  /source-map-support/0.5.19:
    resolution: {integrity: sha512-Wonm7zOCIJzBGQdB+thsPar0kYuCIzYvxZwlBa87yi/Mdjv7Tip2cyVbLj5o0cFPN4EVkuTwb3GDDyUx2DGnGw==}
    dependencies:
      buffer-from: 1.1.1
      source-map: 0.6.1
    dev: false

  /source-map/0.6.1:
    resolution: {integrity: sha512-UjgapumWlbMhkBgzT7Ykc5YXUT46F0iKu8SGXq0bcwP5dz/h0Plj6enJqjz1Zbq2l5WaqYnrVbwWOWMyF3F47g==}
    engines: {node: '>=0.10.0'}
    dev: false

  /source-map/0.7.3:
    resolution: {integrity: sha512-CkCj6giN3S+n9qrYiBTX5gystlENnRW5jZeNLHpe6aue+SrHcG5VYwujhW9s4dY31mEGsxBDrHR6oI69fTXsaQ==}
    engines: {node: '>= 8'}
    dev: false

  /stringify-object/3.3.0:
    resolution: {integrity: sha512-rHqiFh1elqCQ9WPLIC8I0Q/g/wj5J1eMkyoiD6eoQApWHP0FtlK7rqnhmabL5VUY9JQCcqwwvlOaSuutekgyrw==}
    engines: {node: '>=4'}
    dependencies:
      get-own-enumerable-property-symbols: 3.0.2
      is-obj: 1.0.1
      is-regexp: 1.0.0
    dev: false

  /stylus-lookup/3.0.2:
    resolution: {integrity: sha512-oEQGHSjg/AMaWlKe7gqsnYzan8DLcGIHe0dUaFkucZZ14z4zjENRlQMCHT4FNsiWnJf17YN9OvrCfCoi7VvOyg==}
    engines: {node: '>=6.0.0'}
    hasBin: true
    dependencies:
      commander: 2.20.3
      debug: 4.3.1
    transitivePeerDependencies:
      - supports-color
    dev: false

  /tapable/2.2.0:
    resolution: {integrity: sha512-FBk4IesMV1rBxX2tfiK8RAmogtWn53puLOQlvO8XuwlgxcYbP4mVPS9Ph4aeamSyyVjOl24aYWAuc8U5kCVwMw==}
    engines: {node: '>=6'}
    dev: false

  /terser/5.7.0:
    resolution: {integrity: sha512-HP5/9hp2UaZt5fYkuhNBR8YyRcT8juw8+uFbAme53iN9hblvKnLUTKkmwJG6ocWpIKf8UK4DoeWG4ty0J6S6/g==}
    engines: {node: '>=10'}
    hasBin: true
    dependencies:
      commander: 2.20.3
      source-map: 0.7.3
      source-map-support: 0.5.19
    dev: false

  /to-regex-range/5.0.1:
    resolution: {integrity: sha512-65P7iz6X5yEr1cwcgvQxbbIw7Uk3gOy5dIdtZ4rDveLqhrdJP+Li/Hx6tyK0NEb+2GCyneCMJiGqrADCSNk8sQ==}
    engines: {node: '>=8.0'}
    dependencies:
      is-number: 7.0.0
    dev: false

  /totalist/1.1.0:
    resolution: {integrity: sha512-gduQwd1rOdDMGxFG1gEvhV88Oirdo2p+KjoYFU7k2g+i7n6AFFbDQ5kMPUsW0pNbfQsB/cwXvT1i4Bue0s9g5g==}
    engines: {node: '>=6'}
    dev: false

  /tslib/1.14.1:
    resolution: {integrity: sha512-Xni35NKzjgMrwevysHTCArtLDpPvye8zV/0E4EyYn43P7/7qvQwPh9BGkHewbMulVntbigmcT7rdX3BNo9wRJg==}
    dev: false

  /tsutils/3.21.0_typescript@3.9.9:
    resolution: {integrity: sha512-mHKK3iUXL+3UF6xL5k0PEhKRUBKPBCv/+RkEOpjRWxxx27KKRBmmA60A9pgOUvMi8GKhRMPEmjBRPzs2W7O1OA==}
    engines: {node: '>= 6'}
    peerDependencies:
      typescript: '>=2.8.0 || >= 3.2.0-dev || >= 3.3.0-dev || >= 3.4.0-dev || >= 3.5.0-dev || >= 3.6.0-dev || >= 3.6.0-beta || >= 3.7.0-dev || >= 3.7.0-beta'
    dependencies:
      tslib: 1.14.1
      typescript: 3.9.9
    dev: false

  /type-check/0.3.2:
    resolution: {integrity: sha1-WITKtRLPHTVeP7eE8wgEsrUg23I=}
    engines: {node: '>= 0.8.0'}
    dependencies:
      prelude-ls: 1.1.2
    dev: false

  /typescript/3.9.9:
    resolution: {integrity: sha512-kdMjTiekY+z/ubJCATUPlRDl39vXYiMV9iyeMuEuXZh2we6zz80uovNN2WlAxmmdE/Z/YQe+EbOEXB5RHEED3w==}
    engines: {node: '>=4.2.0'}
    hasBin: true
    dev: false

  /uniq/1.0.1:
    resolution: {integrity: sha1-sxxa6CVIRKOoKBVBzisEuGWnNP8=}
    dev: false

  /word-wrap/1.2.3:
    resolution: {integrity: sha512-Hz/mrNwitNRh/HUAtM/VT/5VH+ygD6DV7mYKZAtHOrbs8U7lvPS6xf7EJKMF0uW1KJCl0H701g3ZGus+muE5vQ==}
    engines: {node: '>=0.10.0'}
    dev: false

  /wrappy/1.0.2:
    resolution: {integrity: sha1-tSQ9jz7BqjXxNkYFvA0QNuMKtp8=}
    dev: false

  /ws/7.4.5:
    resolution: {integrity: sha512-xzyu3hFvomRfXKH8vOFMU3OguG6oOvhXMo3xsGy3xWExqaM2dxBbVxuD99O7m3ZUFMvvscsZDqxfgMaRr/Nr1g==}
    engines: {node: '>=8.3.0'}
    peerDependencies:
      bufferutil: ^4.0.1
      utf-8-validate: ^5.0.2
    peerDependenciesMeta:
      bufferutil:
        optional: true
      utf-8-validate:
        optional: true
    dev: false

  /yallist/4.0.0:
    resolution: {integrity: sha512-3wdGidZyq5PB084XLES5TpOSRA3wjXAlIWMhum2kRcv/41Sn2emQ0dycQW4uZXLejwKvg6EsvbdlVL+FYEct7A==}
    dev: false

  github.com/paulmillr/chokidar/3573e94867c22d973389444f75681f2fb2f65a08:
    resolution: {tarball: https://codeload.github.com/paulmillr/chokidar/tar.gz/3573e94867c22d973389444f75681f2fb2f65a08}
    name: chokidar
    version: 3.5.1
    engines: {node: '>= 8.10.0'}
    dependencies:
      anymatch: 3.1.2
      braces: 3.0.2
      glob-parent: 5.1.2
      is-binary-path: 2.1.0
      is-glob: 4.0.1
      normalize-path: 3.0.0
      readdirp: 3.6.0
    optionalDependencies:
      fsevents: 2.3.2
    dev: false
